
Microsoft Visual Studio Solution File, Format Version 12.00
# Visual Studio 15
VisualStudioVersion = 15.0.26124.0
MinimumVisualStudioVersion = 15.0.26124.0
Project("{FAE04EC0-301F-11D3-BF4B-00C04F79EFBC}") = "AlgorithmLibrary", "AlgorithmLibrary\AlgorithmLibrary.csproj", "{9278D27A-8C5D-4EDB-AA47-C0A928A55765}"
EndProject
Project("{FAE04EC0-301F-11D3-BF4B-00C04F79EFBC}") = "problem-580A", "problem-580A\problem-580A.csproj", "{818704E8-3588-475D-BFB4-B7608ED6DB5F}"
EndProject
Project("{FAE04EC0-301F-11D3-BF4B-00C04F79EFBC}") = "AlgorithmTest", "AlgorithmTest\AlgorithmTest.csproj", "{173C9C7A-1335-4884-9E51-67D16341AE02}"
EndProject
Global
	GlobalSection(SolutionConfigurationPlatforms) = preSolution
		Debug|Any CPU = Debug|Any CPU
		Debug|x64 = Debug|x64
		Debug|x86 = Debug|x86
		Release|Any CPU = Release|Any CPU
		Release|x64 = Release|x64
		Release|x86 = Release|x86
	EndGlobalSection
	GlobalSection(SolutionProperties) = preSolution
		HideSolutionNode = FALSE
	EndGlobalSection
	GlobalSection(ProjectConfigurationPlatforms) = postSolution
		{9278D27A-8C5D-4EDB-AA47-C0A928A55765}.Debug|Any CPU.ActiveCfg = Debug|Any CPU
		{9278D27A-8C5D-4EDB-AA47-C0A928A55765}.Debug|Any CPU.Build.0 = Debug|Any CPU
		{9278D27A-8C5D-4EDB-AA47-C0A928A55765}.Debug|x64.ActiveCfg = Debug|Any CPU
		{9278D27A-8C5D-4EDB-AA47-C0A928A55765}.Debug|x64.Build.0 = Debug|Any CPU
		{9278D27A-8C5D-4EDB-AA47-C0A928A55765}.Debug|x86.ActiveCfg = Debug|Any CPU
		{9278D27A-8C5D-4EDB-AA47-C0A928A55765}.Debug|x86.Build.0 = Debug|Any CPU
		{9278D27A-8C5D-4EDB-AA47-C0A928A55765}.Release|Any CPU.ActiveCfg = Release|Any CPU
		{9278D27A-8C5D-4EDB-AA47-C0A928A55765}.Release|Any CPU.Build.0 = Release|Any CPU
		{9278D27A-8C5D-4EDB-AA47-C0A928A55765}.Release|x64.ActiveCfg = Release|Any CPU
		{9278D27A-8C5D-4EDB-AA47-C0A928A55765}.Release|x64.Build.0 = Release|Any CPU
		{9278D27A-8C5D-4EDB-AA47-C0A928A55765}.Release|x86.ActiveCfg = Release|Any CPU
		{9278D27A-8C5D-4EDB-AA47-C0A928A55765}.Release|x86.Build.0 = Release|Any CPU
		{818704E8-3588-475D-BFB4-B7608ED6DB5F}.Debug|Any CPU.ActiveCfg = Debug|Any CPU
		{818704E8-3588-475D-BFB4-B7608ED6DB5F}.Debug|Any CPU.Build.0 = Debug|Any CPU
		{818704E8-3588-475D-BFB4-B7608ED6DB5F}.Debug|x64.ActiveCfg = Debug|Any CPU
		{818704E8-3588-475D-BFB4-B7608ED6DB5F}.Debug|x64.Build.0 = Debug|Any CPU
		{818704E8-3588-475D-BFB4-B7608ED6DB5F}.Debug|x86.ActiveCfg = Debug|Any CPU
		{818704E8-3588-475D-BFB4-B7608ED6DB5F}.Debug|x86.Build.0 = Debug|Any CPU
		{818704E8-3588-475D-BFB4-B7608ED6DB5F}.Release|Any CPU.ActiveCfg = Release|Any CPU
		{818704E8-3588-475D-BFB4-B7608ED6DB5F}.Release|Any CPU.Build.0 = Release|Any CPU
		{818704E8-3588-475D-BFB4-B7608ED6DB5F}.Release|x64.ActiveCfg = Release|Any CPU
		{818704E8-3588-475D-BFB4-B7608ED6DB5F}.Release|x64.Build.0 = Release|Any CPU
		{818704E8-3588-475D-BFB4-B7608ED6DB5F}.Release|x86.ActiveCfg = Release|Any CPU
		{818704E8-3588-475D-BFB4-B7608ED6DB5F}.Release|x86.Build.0 = Release|Any CPU
		{173C9C7A-1335-4884-9E51-67D16341AE02}.Debug|Any CPU.ActiveCfg = Debug|Any CPU
		{173C9C7A-1335-4884-9E51-67D16341AE02}.Debug|Any CPU.Build.0 = Debug|Any CPU
		{173C9C7A-1335-4884-9E51-67D16341AE02}.Debug|x64.ActiveCfg = Debug|Any CPU
		{173C9C7A-1335-4884-9E51-67D16341AE02}.Debug|x64.Build.0 = Debug|Any CPU
		{173C9C7A-1335-4884-9E51-67D16341AE02}.Debug|x86.ActiveCfg = Debug|Any CPU
		{173C9C7A-1335-4884-9E51-67D16341AE02}.Debug|x86.Build.0 = Debug|Any CPU
		{173C9C7A-1335-4884-9E51-67D16341AE02}.Release|Any CPU.ActiveCfg = Release|Any CPU
		{173C9C7A-1335-4884-9E51-67D16341AE02}.Release|Any CPU.Build.0 = Release|Any CPU
		{173C9C7A-1335-4884-9E51-67D16341AE02}.Release|x64.ActiveCfg = Release|Any CPU
		{173C9C7A-1335-4884-9E51-67D16341AE02}.Release|x64.Build.0 = Release|Any CPU
		{173C9C7A-1335-4884-9E51-67D16341AE02}.Release|x86.ActiveCfg = Release|Any CPU
		{173C9C7A-1335-4884-9E51-67D16341AE02}.Release|x86.Build.0 = Release|Any CPU
	EndGlobalSection
EndGlobal
