
Microsoft Visual Studio Solution File, Format Version 12.00
# Visual Studio Version 17
VisualStudioVersion = 17.0.32112.339
MinimumVisualStudioVersion = 15.0.26124.0
Project("{9A19103F-16F7-4668-BE54-9A1E7A4F7556}") = "AlgorithmLibrary", "AlgorithmLibrary\AlgorithmLibrary.csproj", "{9278D27A-8C5D-4EDB-AA47-C0A928A55765}"
EndProject
Project("{9A19103F-16F7-4668-BE54-9A1E7A4F7556}") = "problem-580A", "problem-580A\problem-580A.csproj", "{818704E8-3588-475D-BFB4-B7608ED6DB5F}"
EndProject
Project("{9A19103F-16F7-4668-BE54-9A1E7A4F7556}") = "AlgorithmTest", "AlgorithmTest\AlgorithmTest.csproj", "{173C9C7A-1335-4884-9E51-67D16341AE02}"
EndProject
Project("{9A19103F-16F7-4668-BE54-9A1E7A4F7556}") = "problem-131A", "problem-131A\problem-131A.csproj", "{22CF9E15-2DD1-417B-AA02-BD5DE8E5FF23}"
EndProject
Project("{9A19103F-16F7-4668-BE54-9A1E7A4F7556}") = "problem-228A", "problem-228A\problem-228A.csproj", "{1F5B4D09-11BF-44B8-AFC6-567247E18DC3}"
EndProject
Project("{9A19103F-16F7-4668-BE54-9A1E7A4F7556}") = "problem-405A", "problem-405A\problem-405A.csproj", "{6230BC8D-6308-4581-AB60-39AD43B423F5}"
EndProject
Project("{9A19103F-16F7-4668-BE54-9A1E7A4F7556}") = "problem-469A", "problem-469A\problem-469A.csproj", "{4828EA03-D530-4128-930E-E56A0CC852FB}"
EndProject
Project("{9A19103F-16F7-4668-BE54-9A1E7A4F7556}") = "problem-148A-InsomniaCure", "problem-148A-InsomniaCure\problem-148A-InsomniaCure.csproj", "{58DDE990-657C-4C8B-B5AB-624BFB471D12}"
EndProject
Project("{9A19103F-16F7-4668-BE54-9A1E7A4F7556}") = "problem-208A", "problem-208A\problem-208A.csproj", "{0AA7C13B-E4C5-4CE5-B23A-B1FC611EA396}"
EndProject
Project("{9A19103F-16F7-4668-BE54-9A1E7A4F7556}") = "problem-1328", "problem-1328\problem-1328.csproj", "{95260490-2AE4-497B-8F36-B525D30D5E3B}"
EndProject
Project("{9A19103F-16F7-4668-BE54-9A1E7A4F7556}") = "problem-1328A", "problem-1328A\problem-1328A.csproj", "{38EDCC0C-5DD0-4D6A-879C-22A10E3AEE19}"
EndProject
Project("{9A19103F-16F7-4668-BE54-9A1E7A4F7556}") = "problem-144A", "problem-144A\problem-144A.csproj", "{1D70965C-1F96-464A-902B-2D35D7D36E81}"
EndProject
Project("{9A19103F-16F7-4668-BE54-9A1E7A4F7556}") = "problem-337A", "problem-337A\problem-337A.csproj", "{B5CBBC48-6255-4175-99EC-304A58FCDE4A}"
EndProject
Project("{9A19103F-16F7-4668-BE54-9A1E7A4F7556}") = "problem-1626A", "problem-1626A\problem-1626A.csproj", "{0D7118B0-54F5-400F-BD96-2F8CC383B733}"
EndProject
Project("{9A19103F-16F7-4668-BE54-9A1E7A4F7556}") = "problem-25A", "problem-25A\problem-25A.csproj", "{C498552A-166C-4002-B30F-1C10ECFD5D88}"
EndProject
Project("{9A19103F-16F7-4668-BE54-9A1E7A4F7556}") = "problem-268A", "problem-268A\problem-268A.csproj", "{164E992F-B315-4684-8E11-709E31009DBC}"
EndProject
Project("{9A19103F-16F7-4668-BE54-9A1E7A4F7556}") = "problem-443", "problem-443\problem-443.csproj", "{AD05D61F-61CF-4080-8003-0D58A7C0EE25}"
EndProject
Project("{9A19103F-16F7-4668-BE54-9A1E7A4F7556}") = "problem-996A", "problem-996A\problem-996A.csproj", "{1A658B10-6FEB-4BD1-94EB-C69AFB88DF5C}"
EndProject
Project("{9A19103F-16F7-4668-BE54-9A1E7A4F7556}") = "problem-110A-NearlyLuckyNumber", "problem-110A-NearlyLuckyNumber\problem-110A-NearlyLuckyNumber.csproj", "{3E4A957C-6432-44E6-B888-92674A16C038}"
EndProject
Project("{9A19103F-16F7-4668-BE54-9A1E7A4F7556}") = "problem-112A-PetyaAndStrings", "problem-112A-PetyaAndStrings\problem-112A-PetyaAndStrings.csproj", "{C35F5F91-9360-499A-8D7C-E2012C7799E7}"
EndProject
Project("{9A19103F-16F7-4668-BE54-9A1E7A4F7556}") = "problem-116A-Tram", "problem-116A-Tram\problem-116A-Tram.csproj", "{CC5968CA-97B7-41F4-9B2A-D1A8AC7FEBB1}"
EndProject
Project("{9A19103F-16F7-4668-BE54-9A1E7A4F7556}") = "problem-118A-StringTask", "problem-118A-StringTask\problem-118A-StringTask.csproj", "{8CC62E03-58DD-4A5E-B580-190A94D58C9E}"
EndProject
Project("{9A19103F-16F7-4668-BE54-9A1E7A4F7556}") = "problem-133A-HQ9+", "problem-133A-HQ9+\problem-133A-HQ9+.csproj", "{8500DED9-0A09-4907-B66F-56E95E9D1138}"
EndProject
Project("{9A19103F-16F7-4668-BE54-9A1E7A4F7556}") = "problem-158A-NextRound", "problem-158A-NextRound\problem-158A-NextRound.csproj", "{7F5F5DA0-E499-449B-A724-13937CC4D7AC}"
EndProject
Project("{9A19103F-16F7-4668-BE54-9A1E7A4F7556}") = "problem-158B-Taxi", "problem-158B-Taxi\problem-158B-Taxi.csproj", "{BBAD640C-80FF-4EEC-B4E2-4FA2D1A3A8DD}"
EndProject
Project("{9A19103F-16F7-4668-BE54-9A1E7A4F7556}") = "problem-1A-TheatreSquare", "problem-1A-TheatreSquare\problem-1A-TheatreSquare.csproj", "{D29FD980-1CFC-4399-8565-018B9CD0DEA2}"
EndProject
Project("{9A19103F-16F7-4668-BE54-9A1E7A4F7556}") = "problem-200B-Drinks", "problem-200B-Drinks\problem-200B-Drinks.csproj", "{34F88D65-F865-40C6-BFFF-706815CCFD07}"
EndProject
Project("{9A19103F-16F7-4668-BE54-9A1E7A4F7556}") = "problem-236A-BoyOrGirl", "problem-236A-BoyOrGirl\problem-236A-BoyOrGirl.csproj", "{FAA5051E-2D41-4A33-A1C9-D47F532C4E1D}"
EndProject
Project("{9A19103F-16F7-4668-BE54-9A1E7A4F7556}") = "problem-263A-BeautifulMatrix", "problem-263A-BeautifulMatrix\problem-263A-BeautifulMatrix.csproj", "{639E3B3C-E80D-49CA-8934-4B100C00AB63}"
EndProject
Project("{9A19103F-16F7-4668-BE54-9A1E7A4F7556}") = "problem-266A-StonesOnTheTable", "problem-266A-StonesOnTheTable\problem-266A-StonesOnTheTable.csproj", "{FEC3B43D-1C6A-4547-A3CA-B887C8A82BA8}"
EndProject
Project("{9A19103F-16F7-4668-BE54-9A1E7A4F7556}") = "problem-266B-QueueAtTheSchool", "problem-266B-QueueAtTheSchool\problem-266B-QueueAtTheSchool.csproj", "{6C4F8B6B-DD27-4EEB-950B-922B6180CDC1}"
EndProject
Project("{9A19103F-16F7-4668-BE54-9A1E7A4F7556}") = "problem-282A-Bit++", "problem-282A-Bit++\problem-282A-Bit++.csproj", "{FBC73D4C-B0AF-4E6E-A965-ECB16775C717}"
EndProject
Project("{9A19103F-16F7-4668-BE54-9A1E7A4F7556}") = "problem-339A-HelpFulMaths", "problem-339A-HelpFulMaths\problem-339A-HelpFulMaths.csproj", "{7E0C9267-67DF-4C90-9C8A-F8B1BF6FF251}"
EndProject
Project("{9A19103F-16F7-4668-BE54-9A1E7A4F7556}") = "problem-344A-Magnet", "problem-344A-Magnet\problem-344A-Magnet.csproj", "{7A4E036D-12C4-4BB7-B06F-2FFD5302E576}"
EndProject
Project("{9A19103F-16F7-4668-BE54-9A1E7A4F7556}") = "problem-41A-Translation", "problem-41A-Translation\problem-41A-Translation.csproj", "{D26066F3-A53E-4CB4-9C8E-A9234EFB57FD}"
EndProject
Project("{9A19103F-16F7-4668-BE54-9A1E7A4F7556}") = "problem-479A-Expression", "problem-479A-Expression\problem-479A-Expression.csproj", "{523151DB-9C0E-4ADD-9BD1-BF437CC19B35}"
EndProject
Project("{9A19103F-16F7-4668-BE54-9A1E7A4F7556}") = "problem-50A-DominoPiling", "problem-50A-DominoPiling\problem-50A-DominoPiling.csproj", "{576BF944-D386-45EF-BD57-9357C04DE8C5}"
EndProject
Project("{9A19103F-16F7-4668-BE54-9A1E7A4F7556}") = "problem-520A", "problem-520A\problem-520A.csproj", "{2416B789-F3C3-47C6-95B1-F937D2EE1716}"
EndProject
Project("{9A19103F-16F7-4668-BE54-9A1E7A4F7556}") = "problem-546A-SoldierAndBananas", "problem-546A-SoldierAndBananas\problem-546A-SoldierAndBananas.csproj", "{6A8A805C-22C2-437F-9BA1-1B172BB27A4A}"
EndProject
Project("{9A19103F-16F7-4668-BE54-9A1E7A4F7556}") = "problem-58A-ChatRoom", "problem-58A-ChatRoom\problem-58A-ChatRoom.csproj", "{AEBECFBB-1371-45B1-B0FB-0C41D1C81826}"
EndProject
Project("{9A19103F-16F7-4668-BE54-9A1E7A4F7556}") = "problem-59A-Word", "problem-59A-Word\problem-59A-Word.csproj", "{59962212-0171-4190-823C-C0468114EE5A}"
EndProject
Project("{9A19103F-16F7-4668-BE54-9A1E7A4F7556}") = "problem-617A-Elephant", "problem-617A-Elephant\problem-617A-Elephant.csproj", "{ECDC9ECA-BCAB-44B6-91A5-78421BEB17E4}"
EndProject
Project("{9A19103F-16F7-4668-BE54-9A1E7A4F7556}") = "problem-677A-VanyaAndFence", "problem-677A-VanyaAndFence\problem-677A-VanyaAndFence.csproj", "{274EFACB-304B-4511-9157-5B2A9DD6791D}"
EndProject
Project("{9A19103F-16F7-4668-BE54-9A1E7A4F7556}") = "problem-69A-YoungPhysicist", "problem-69A-YoungPhysicist\problem-69A-YoungPhysicist.csproj", "{551848A3-B2A0-4DCB-A2B7-9F7EBA60AAA4}"
EndProject
Project("{9A19103F-16F7-4668-BE54-9A1E7A4F7556}") = "problem-71A-WayTooLongWords", "problem-71A-WayTooLongWords\problem-71A-WayTooLongWords.csproj", "{D87BCDCE-D3FE-436B-B20A-E9EDE6862D0C}"
EndProject
Project("{9A19103F-16F7-4668-BE54-9A1E7A4F7556}") = "problem-791A-BearAndBigBrother", "problem-791A-BearAndBigBrother\problem-791A-BearAndBigBrother.csproj", "{912D01DA-A48C-4042-AB52-0813855E7851}"
EndProject
Project("{9A19103F-16F7-4668-BE54-9A1E7A4F7556}") = "problem-96A-Football", "problem-96A-Football\problem-96A-Football.csproj", "{9B2189AE-EE51-4147-A3A9-B6AF1C570B77}"
EndProject
Project("{9A19103F-16F7-4668-BE54-9A1E7A4F7556}") = "problem-977A-WrongSubstraction", "problem-977A-WrongSubstraction\problem-977A-WrongSubstraction.csproj", "{8F73748D-9F1D-411B-8B58-31399E23AE7C}"
EndProject
Project("{9A19103F-16F7-4668-BE54-9A1E7A4F7556}") = "problem-141A", "problem-141A\problem-141A.csproj", "{8CBAFE14-7296-4BB3-B66B-FE0D96FCDEB5}"
EndProject
Project("{9A19103F-16F7-4668-BE54-9A1E7A4F7556}") = "problem-785A", "problem-785A\problem-785A.csproj", "{368E0660-CC0E-4276-9276-79C5228E7DFB}"
EndProject
Project("{9A19103F-16F7-4668-BE54-9A1E7A4F7556}") = "Problem-1335A", "Problem-1335A\Problem-1335A.csproj", "{6CD00307-6D3A-4B05-8801-8B943190AF6D}"
EndProject
Project("{9A19103F-16F7-4668-BE54-9A1E7A4F7556}") = "Problem-492B-VanyaAndLanterns", "Problem-492B-VanyaAndLanterns\Problem-492B-VanyaAndLanterns.csproj", "{9794181A-04BF-4A74-86FF-EC65A78D365B}"
EndProject
Project("{9A19103F-16F7-4668-BE54-9A1E7A4F7556}") = "Problem-230A", "Problem-230A\Problem-230A.csproj", "{CD909CBD-DE5D-46F1-992B-F02430BBDA27}"
EndProject
Project("{9A19103F-16F7-4668-BE54-9A1E7A4F7556}") = "Problem-4C", "Problem-4C\Problem-4C.csproj", "{3830DB61-C9B7-474F-8BD0-0391F195E5B9}"
EndProject
Project("{9A19103F-16F7-4668-BE54-9A1E7A4F7556}") = "Problem-339B-XeniaAndRingRoad", "Problem-339B-XeniaAndRingRoad\Problem-339B-XeniaAndRingRoad.csproj", "{95184689-B267-4047-8F01-0967993C528C}"
EndProject
Project("{9A19103F-16F7-4668-BE54-9A1E7A4F7556}") = "BoilerPlateCode", "BoilerPlateCode\BoilerPlateCode.csproj", "{331A1E10-DBB6-4595-85C8-F5B8A40BC4C6}"
EndProject
Project("{9A19103F-16F7-4668-BE54-9A1E7A4F7556}") = "problem-230B-TPrimes", "problem-230B-TPrimes\problem-230B-TPrimes.csproj", "{3D99C001-C1E8-4DBA-8A91-716D4CA6029B}"
EndProject
Project("{9A19103F-16F7-4668-BE54-9A1E7A4F7556}") = "problem-155A-Iloveusername", "problem-155A-Iloveusername\problem-155A-Iloveusername.csproj", "{5626B2D8-316B-487F-93D3-B6CE14A7E064}"
EndProject
Project("{9A19103F-16F7-4668-BE54-9A1E7A4F7556}") = "problem-732A-buyAShovel", "problem-732A-buyAShovel\problem-732A-buyAShovel.csproj", "{54266533-3B15-44AE-9592-DC74BD2C2725}"
EndProject
Project("{2150E333-8FDC-42A3-9474-1A3956D46DE8}") = "Solution Items", "Solution Items", "{96399E5E-ED81-4070-9C6B-B37C05E3B9C1}"
EndProject
Project("{9A19103F-16F7-4668-BE54-9A1E7A4F7556}") = "problem-750A", "problem-750A\problem-750A.csproj", "{0189CF66-8122-4318-ACEA-FF5ADE25435C}"
EndProject
Project("{9A19103F-16F7-4668-BE54-9A1E7A4F7556}") = "problem-427A-PoliceRecruits", "problem-427A-PoliceRecruits\problem-427A-PoliceRecruits.csproj", "{86187B25-D193-4018-ABA9-404856827889}"
EndProject
Project("{9A19103F-16F7-4668-BE54-9A1E7A4F7556}") = "problem-581A-VasyaTheHipster", "problem-581A-VasyaTheHipster\problem-581A-VasyaTheHipster.csproj", "{F919C20A-1C10-4FD0-B896-A652A860A1AA}"
EndProject
Project("{9A19103F-16F7-4668-BE54-9A1E7A4F7556}") = "problem-1352A-SumOfRoundNumbers", "problem-1352A-SumOfRoundNumbers\problem-1352A-SumOfRoundNumbers.csproj", "{39963D32-B339-42EC-9EED-0BE2076339B0}"
EndProject
Project("{9A19103F-16F7-4668-BE54-9A1E7A4F7556}") = "DynamicProgramming", "DynamicProgramming\DynamicProgramming.csproj", "{C6F3C84E-E7DC-4CF6-BAF7-91C049054FF5}"
EndProject
Project("{9A19103F-16F7-4668-BE54-9A1E7A4F7556}") = "Leetcode-566-ReshapeTheMatrix", "Leetcode-566-ReshapeTheMatrix\Leetcode-566-ReshapeTheMatrix.csproj", "{DBFF0306-B608-4235-9900-721180E0B92D}"
EndProject
Project("{9A19103F-16F7-4668-BE54-9A1E7A4F7556}") = "problem-706B-InterestingDrink", "problem-706B-InterestingDrink\problem-706B-InterestingDrink.csproj", "{F2CF5EF3-EA45-4BF1-8053-B9B8918A2D53}"
EndProject
Project("{9A19103F-16F7-4668-BE54-9A1E7A4F7556}") = "problem-1352C-KthNotDivisibleByN", "problem-1352C-KthNotDivisibleByN\problem-1352C-KthNotDivisibleByN.csproj", "{F473557A-2B39-4C69-AA88-C8406D0EA9A8}"
EndProject
Project("{9A19103F-16F7-4668-BE54-9A1E7A4F7556}") = "problem-474B-Worms", "problem-474B-Worms\problem-474B-Worms.csproj", "{1F7BFE3C-E6ED-4050-AE86-7181D6832C1B}"
EndProject
Project("{9A19103F-16F7-4668-BE54-9A1E7A4F7556}") = "problem-1154-A-RestoringThreeSums", "problem-1154-A-RestoringThreeSums\problem-1154-A-RestoringThreeSums.csproj", "{635B373B-754F-4402-8895-644414EDE5F4}"
EndProject
Project("{9A19103F-16F7-4668-BE54-9A1E7A4F7556}") = "problem-1399-A-RemoveSmallest", "problem-1399-A-RemoveSmallest\problem-1399-A-RemoveSmallest.csproj", "{1E24E5D5-F0C7-4182-8090-86B29E3E582C}"
EndProject
Project("{9A19103F-16F7-4668-BE54-9A1E7A4F7556}") = "problem-1409-A", "problem-1409-A\problem-1409-A.csproj", "{33873608-F509-4F4A-8B7B-3E1D6A97E464}"
EndProject
Project("{FAE04EC0-301F-11D3-BF4B-00C04F79EFBC}") = "problem-723-A", "problem-723-A\problem-723-A.csproj", "{0A8DE9DD-0D5A-4C90-97D3-0EA82B4A2824}"
EndProject
Project("{2150E333-8FDC-42A3-9474-1A3956D46DE8}") = "Basic Problems", "Basic Problems", "{A7F4FDEF-B5DD-4737-9ECB-06CD3B3C55AA}"
EndProject
Project("{FAE04EC0-301F-11D3-BF4B-00C04F79EFBC}") = "ReverseFirstKElements", "ReverseFirstKElements\ReverseFirstKElements.csproj", "{636A25C2-A452-4902-B99D-E2C1773AD8B4}"
EndProject
Project("{2150E333-8FDC-42A3-9474-1A3956D46DE8}") = "Recursion", "Recursion", "{F1CB69D0-B7E4-4F4B-B3A5-99C90BEDB456}"
EndProject
Project("{FAE04EC0-301F-11D3-BF4B-00C04F79EFBC}") = "Fibonacci", "Fibonacci\Fibonacci.csproj", "{A68D4235-5A5E-484D-8D73-5FD114A1F154}"
EndProject
Project("{FAE04EC0-301F-11D3-BF4B-00C04F79EFBC}") = "problem1", "problem1\problem1.csproj", "{87DA18E2-439D-4CC3-AD39-D0D9830F1306}"
EndProject
Project("{FAE04EC0-301F-11D3-BF4B-00C04F79EFBC}") = "problem2", "problem2\problem2.csproj", "{1682585B-4B2F-4ECB-BAB0-878E9938F13E}"
EndProject
Global
	GlobalSection(SolutionConfigurationPlatforms) = preSolution
		Debug|Any CPU = Debug|Any CPU
		Debug|x64 = Debug|x64
		Debug|x86 = Debug|x86
		Release|Any CPU = Release|Any CPU
		Release|x64 = Release|x64
		Release|x86 = Release|x86
	EndGlobalSection
	GlobalSection(ProjectConfigurationPlatforms) = postSolution
		{9278D27A-8C5D-4EDB-AA47-C0A928A55765}.Debug|Any CPU.ActiveCfg = Debug|Any CPU
		{9278D27A-8C5D-4EDB-AA47-C0A928A55765}.Debug|Any CPU.Build.0 = Debug|Any CPU
		{9278D27A-8C5D-4EDB-AA47-C0A928A55765}.Debug|x64.ActiveCfg = Debug|Any CPU
		{9278D27A-8C5D-4EDB-AA47-C0A928A55765}.Debug|x64.Build.0 = Debug|Any CPU
		{9278D27A-8C5D-4EDB-AA47-C0A928A55765}.Debug|x86.ActiveCfg = Debug|Any CPU
		{9278D27A-8C5D-4EDB-AA47-C0A928A55765}.Debug|x86.Build.0 = Debug|Any CPU
		{9278D27A-8C5D-4EDB-AA47-C0A928A55765}.Release|Any CPU.ActiveCfg = Release|Any CPU
		{9278D27A-8C5D-4EDB-AA47-C0A928A55765}.Release|Any CPU.Build.0 = Release|Any CPU
		{9278D27A-8C5D-4EDB-AA47-C0A928A55765}.Release|x64.ActiveCfg = Release|Any CPU
		{9278D27A-8C5D-4EDB-AA47-C0A928A55765}.Release|x64.Build.0 = Release|Any CPU
		{9278D27A-8C5D-4EDB-AA47-C0A928A55765}.Release|x86.ActiveCfg = Release|Any CPU
		{9278D27A-8C5D-4EDB-AA47-C0A928A55765}.Release|x86.Build.0 = Release|Any CPU
		{818704E8-3588-475D-BFB4-B7608ED6DB5F}.Debug|Any CPU.ActiveCfg = Debug|Any CPU
		{818704E8-3588-475D-BFB4-B7608ED6DB5F}.Debug|Any CPU.Build.0 = Debug|Any CPU
		{818704E8-3588-475D-BFB4-B7608ED6DB5F}.Debug|x64.ActiveCfg = Debug|Any CPU
		{818704E8-3588-475D-BFB4-B7608ED6DB5F}.Debug|x64.Build.0 = Debug|Any CPU
		{818704E8-3588-475D-BFB4-B7608ED6DB5F}.Debug|x86.ActiveCfg = Debug|Any CPU
		{818704E8-3588-475D-BFB4-B7608ED6DB5F}.Debug|x86.Build.0 = Debug|Any CPU
		{818704E8-3588-475D-BFB4-B7608ED6DB5F}.Release|Any CPU.ActiveCfg = Release|Any CPU
		{818704E8-3588-475D-BFB4-B7608ED6DB5F}.Release|Any CPU.Build.0 = Release|Any CPU
		{818704E8-3588-475D-BFB4-B7608ED6DB5F}.Release|x64.ActiveCfg = Release|Any CPU
		{818704E8-3588-475D-BFB4-B7608ED6DB5F}.Release|x64.Build.0 = Release|Any CPU
		{818704E8-3588-475D-BFB4-B7608ED6DB5F}.Release|x86.ActiveCfg = Release|Any CPU
		{818704E8-3588-475D-BFB4-B7608ED6DB5F}.Release|x86.Build.0 = Release|Any CPU
		{173C9C7A-1335-4884-9E51-67D16341AE02}.Debug|Any CPU.ActiveCfg = Debug|Any CPU
		{173C9C7A-1335-4884-9E51-67D16341AE02}.Debug|Any CPU.Build.0 = Debug|Any CPU
		{173C9C7A-1335-4884-9E51-67D16341AE02}.Debug|x64.ActiveCfg = Debug|Any CPU
		{173C9C7A-1335-4884-9E51-67D16341AE02}.Debug|x64.Build.0 = Debug|Any CPU
		{173C9C7A-1335-4884-9E51-67D16341AE02}.Debug|x86.ActiveCfg = Debug|Any CPU
		{173C9C7A-1335-4884-9E51-67D16341AE02}.Debug|x86.Build.0 = Debug|Any CPU
		{173C9C7A-1335-4884-9E51-67D16341AE02}.Release|Any CPU.ActiveCfg = Release|Any CPU
		{173C9C7A-1335-4884-9E51-67D16341AE02}.Release|Any CPU.Build.0 = Release|Any CPU
		{173C9C7A-1335-4884-9E51-67D16341AE02}.Release|x64.ActiveCfg = Release|Any CPU
		{173C9C7A-1335-4884-9E51-67D16341AE02}.Release|x64.Build.0 = Release|Any CPU
		{173C9C7A-1335-4884-9E51-67D16341AE02}.Release|x86.ActiveCfg = Release|Any CPU
		{173C9C7A-1335-4884-9E51-67D16341AE02}.Release|x86.Build.0 = Release|Any CPU
		{22CF9E15-2DD1-417B-AA02-BD5DE8E5FF23}.Debug|Any CPU.ActiveCfg = Debug|Any CPU
		{22CF9E15-2DD1-417B-AA02-BD5DE8E5FF23}.Debug|Any CPU.Build.0 = Debug|Any CPU
		{22CF9E15-2DD1-417B-AA02-BD5DE8E5FF23}.Debug|x64.ActiveCfg = Debug|Any CPU
		{22CF9E15-2DD1-417B-AA02-BD5DE8E5FF23}.Debug|x64.Build.0 = Debug|Any CPU
		{22CF9E15-2DD1-417B-AA02-BD5DE8E5FF23}.Debug|x86.ActiveCfg = Debug|Any CPU
		{22CF9E15-2DD1-417B-AA02-BD5DE8E5FF23}.Debug|x86.Build.0 = Debug|Any CPU
		{22CF9E15-2DD1-417B-AA02-BD5DE8E5FF23}.Release|Any CPU.ActiveCfg = Release|Any CPU
		{22CF9E15-2DD1-417B-AA02-BD5DE8E5FF23}.Release|Any CPU.Build.0 = Release|Any CPU
		{22CF9E15-2DD1-417B-AA02-BD5DE8E5FF23}.Release|x64.ActiveCfg = Release|Any CPU
		{22CF9E15-2DD1-417B-AA02-BD5DE8E5FF23}.Release|x64.Build.0 = Release|Any CPU
		{22CF9E15-2DD1-417B-AA02-BD5DE8E5FF23}.Release|x86.ActiveCfg = Release|Any CPU
		{22CF9E15-2DD1-417B-AA02-BD5DE8E5FF23}.Release|x86.Build.0 = Release|Any CPU
		{1F5B4D09-11BF-44B8-AFC6-567247E18DC3}.Debug|Any CPU.ActiveCfg = Debug|Any CPU
		{1F5B4D09-11BF-44B8-AFC6-567247E18DC3}.Debug|Any CPU.Build.0 = Debug|Any CPU
		{1F5B4D09-11BF-44B8-AFC6-567247E18DC3}.Debug|x64.ActiveCfg = Debug|Any CPU
		{1F5B4D09-11BF-44B8-AFC6-567247E18DC3}.Debug|x64.Build.0 = Debug|Any CPU
		{1F5B4D09-11BF-44B8-AFC6-567247E18DC3}.Debug|x86.ActiveCfg = Debug|Any CPU
		{1F5B4D09-11BF-44B8-AFC6-567247E18DC3}.Debug|x86.Build.0 = Debug|Any CPU
		{1F5B4D09-11BF-44B8-AFC6-567247E18DC3}.Release|Any CPU.ActiveCfg = Release|Any CPU
		{1F5B4D09-11BF-44B8-AFC6-567247E18DC3}.Release|Any CPU.Build.0 = Release|Any CPU
		{1F5B4D09-11BF-44B8-AFC6-567247E18DC3}.Release|x64.ActiveCfg = Release|Any CPU
		{1F5B4D09-11BF-44B8-AFC6-567247E18DC3}.Release|x64.Build.0 = Release|Any CPU
		{1F5B4D09-11BF-44B8-AFC6-567247E18DC3}.Release|x86.ActiveCfg = Release|Any CPU
		{1F5B4D09-11BF-44B8-AFC6-567247E18DC3}.Release|x86.Build.0 = Release|Any CPU
		{6230BC8D-6308-4581-AB60-39AD43B423F5}.Debug|Any CPU.ActiveCfg = Debug|Any CPU
		{6230BC8D-6308-4581-AB60-39AD43B423F5}.Debug|Any CPU.Build.0 = Debug|Any CPU
		{6230BC8D-6308-4581-AB60-39AD43B423F5}.Debug|x64.ActiveCfg = Debug|Any CPU
		{6230BC8D-6308-4581-AB60-39AD43B423F5}.Debug|x64.Build.0 = Debug|Any CPU
		{6230BC8D-6308-4581-AB60-39AD43B423F5}.Debug|x86.ActiveCfg = Debug|Any CPU
		{6230BC8D-6308-4581-AB60-39AD43B423F5}.Debug|x86.Build.0 = Debug|Any CPU
		{6230BC8D-6308-4581-AB60-39AD43B423F5}.Release|Any CPU.ActiveCfg = Release|Any CPU
		{6230BC8D-6308-4581-AB60-39AD43B423F5}.Release|Any CPU.Build.0 = Release|Any CPU
		{6230BC8D-6308-4581-AB60-39AD43B423F5}.Release|x64.ActiveCfg = Release|Any CPU
		{6230BC8D-6308-4581-AB60-39AD43B423F5}.Release|x64.Build.0 = Release|Any CPU
		{6230BC8D-6308-4581-AB60-39AD43B423F5}.Release|x86.ActiveCfg = Release|Any CPU
		{6230BC8D-6308-4581-AB60-39AD43B423F5}.Release|x86.Build.0 = Release|Any CPU
		{4828EA03-D530-4128-930E-E56A0CC852FB}.Debug|Any CPU.ActiveCfg = Debug|Any CPU
		{4828EA03-D530-4128-930E-E56A0CC852FB}.Debug|Any CPU.Build.0 = Debug|Any CPU
		{4828EA03-D530-4128-930E-E56A0CC852FB}.Debug|x64.ActiveCfg = Debug|Any CPU
		{4828EA03-D530-4128-930E-E56A0CC852FB}.Debug|x64.Build.0 = Debug|Any CPU
		{4828EA03-D530-4128-930E-E56A0CC852FB}.Debug|x86.ActiveCfg = Debug|Any CPU
		{4828EA03-D530-4128-930E-E56A0CC852FB}.Debug|x86.Build.0 = Debug|Any CPU
		{4828EA03-D530-4128-930E-E56A0CC852FB}.Release|Any CPU.ActiveCfg = Release|Any CPU
		{4828EA03-D530-4128-930E-E56A0CC852FB}.Release|Any CPU.Build.0 = Release|Any CPU
		{4828EA03-D530-4128-930E-E56A0CC852FB}.Release|x64.ActiveCfg = Release|Any CPU
		{4828EA03-D530-4128-930E-E56A0CC852FB}.Release|x64.Build.0 = Release|Any CPU
		{4828EA03-D530-4128-930E-E56A0CC852FB}.Release|x86.ActiveCfg = Release|Any CPU
		{4828EA03-D530-4128-930E-E56A0CC852FB}.Release|x86.Build.0 = Release|Any CPU
		{58DDE990-657C-4C8B-B5AB-624BFB471D12}.Debug|Any CPU.ActiveCfg = Debug|Any CPU
		{58DDE990-657C-4C8B-B5AB-624BFB471D12}.Debug|Any CPU.Build.0 = Debug|Any CPU
		{58DDE990-657C-4C8B-B5AB-624BFB471D12}.Debug|x64.ActiveCfg = Debug|Any CPU
		{58DDE990-657C-4C8B-B5AB-624BFB471D12}.Debug|x64.Build.0 = Debug|Any CPU
		{58DDE990-657C-4C8B-B5AB-624BFB471D12}.Debug|x86.ActiveCfg = Debug|Any CPU
		{58DDE990-657C-4C8B-B5AB-624BFB471D12}.Debug|x86.Build.0 = Debug|Any CPU
		{58DDE990-657C-4C8B-B5AB-624BFB471D12}.Release|Any CPU.ActiveCfg = Release|Any CPU
		{58DDE990-657C-4C8B-B5AB-624BFB471D12}.Release|Any CPU.Build.0 = Release|Any CPU
		{58DDE990-657C-4C8B-B5AB-624BFB471D12}.Release|x64.ActiveCfg = Release|Any CPU
		{58DDE990-657C-4C8B-B5AB-624BFB471D12}.Release|x64.Build.0 = Release|Any CPU
		{58DDE990-657C-4C8B-B5AB-624BFB471D12}.Release|x86.ActiveCfg = Release|Any CPU
		{58DDE990-657C-4C8B-B5AB-624BFB471D12}.Release|x86.Build.0 = Release|Any CPU
		{0AA7C13B-E4C5-4CE5-B23A-B1FC611EA396}.Debug|Any CPU.ActiveCfg = Debug|Any CPU
		{0AA7C13B-E4C5-4CE5-B23A-B1FC611EA396}.Debug|Any CPU.Build.0 = Debug|Any CPU
		{0AA7C13B-E4C5-4CE5-B23A-B1FC611EA396}.Debug|x64.ActiveCfg = Debug|Any CPU
		{0AA7C13B-E4C5-4CE5-B23A-B1FC611EA396}.Debug|x64.Build.0 = Debug|Any CPU
		{0AA7C13B-E4C5-4CE5-B23A-B1FC611EA396}.Debug|x86.ActiveCfg = Debug|Any CPU
		{0AA7C13B-E4C5-4CE5-B23A-B1FC611EA396}.Debug|x86.Build.0 = Debug|Any CPU
		{0AA7C13B-E4C5-4CE5-B23A-B1FC611EA396}.Release|Any CPU.ActiveCfg = Release|Any CPU
		{0AA7C13B-E4C5-4CE5-B23A-B1FC611EA396}.Release|Any CPU.Build.0 = Release|Any CPU
		{0AA7C13B-E4C5-4CE5-B23A-B1FC611EA396}.Release|x64.ActiveCfg = Release|Any CPU
		{0AA7C13B-E4C5-4CE5-B23A-B1FC611EA396}.Release|x64.Build.0 = Release|Any CPU
		{0AA7C13B-E4C5-4CE5-B23A-B1FC611EA396}.Release|x86.ActiveCfg = Release|Any CPU
		{0AA7C13B-E4C5-4CE5-B23A-B1FC611EA396}.Release|x86.Build.0 = Release|Any CPU
		{95260490-2AE4-497B-8F36-B525D30D5E3B}.Debug|Any CPU.ActiveCfg = Debug|Any CPU
		{95260490-2AE4-497B-8F36-B525D30D5E3B}.Debug|Any CPU.Build.0 = Debug|Any CPU
		{95260490-2AE4-497B-8F36-B525D30D5E3B}.Debug|x64.ActiveCfg = Debug|Any CPU
		{95260490-2AE4-497B-8F36-B525D30D5E3B}.Debug|x64.Build.0 = Debug|Any CPU
		{95260490-2AE4-497B-8F36-B525D30D5E3B}.Debug|x86.ActiveCfg = Debug|Any CPU
		{95260490-2AE4-497B-8F36-B525D30D5E3B}.Debug|x86.Build.0 = Debug|Any CPU
		{95260490-2AE4-497B-8F36-B525D30D5E3B}.Release|Any CPU.ActiveCfg = Release|Any CPU
		{95260490-2AE4-497B-8F36-B525D30D5E3B}.Release|Any CPU.Build.0 = Release|Any CPU
		{95260490-2AE4-497B-8F36-B525D30D5E3B}.Release|x64.ActiveCfg = Release|Any CPU
		{95260490-2AE4-497B-8F36-B525D30D5E3B}.Release|x64.Build.0 = Release|Any CPU
		{95260490-2AE4-497B-8F36-B525D30D5E3B}.Release|x86.ActiveCfg = Release|Any CPU
		{95260490-2AE4-497B-8F36-B525D30D5E3B}.Release|x86.Build.0 = Release|Any CPU
		{38EDCC0C-5DD0-4D6A-879C-22A10E3AEE19}.Debug|Any CPU.ActiveCfg = Debug|Any CPU
		{38EDCC0C-5DD0-4D6A-879C-22A10E3AEE19}.Debug|Any CPU.Build.0 = Debug|Any CPU
		{38EDCC0C-5DD0-4D6A-879C-22A10E3AEE19}.Debug|x64.ActiveCfg = Debug|Any CPU
		{38EDCC0C-5DD0-4D6A-879C-22A10E3AEE19}.Debug|x64.Build.0 = Debug|Any CPU
		{38EDCC0C-5DD0-4D6A-879C-22A10E3AEE19}.Debug|x86.ActiveCfg = Debug|Any CPU
		{38EDCC0C-5DD0-4D6A-879C-22A10E3AEE19}.Debug|x86.Build.0 = Debug|Any CPU
		{38EDCC0C-5DD0-4D6A-879C-22A10E3AEE19}.Release|Any CPU.ActiveCfg = Release|Any CPU
		{38EDCC0C-5DD0-4D6A-879C-22A10E3AEE19}.Release|Any CPU.Build.0 = Release|Any CPU
		{38EDCC0C-5DD0-4D6A-879C-22A10E3AEE19}.Release|x64.ActiveCfg = Release|Any CPU
		{38EDCC0C-5DD0-4D6A-879C-22A10E3AEE19}.Release|x64.Build.0 = Release|Any CPU
		{38EDCC0C-5DD0-4D6A-879C-22A10E3AEE19}.Release|x86.ActiveCfg = Release|Any CPU
		{38EDCC0C-5DD0-4D6A-879C-22A10E3AEE19}.Release|x86.Build.0 = Release|Any CPU
		{1D70965C-1F96-464A-902B-2D35D7D36E81}.Debug|Any CPU.ActiveCfg = Debug|Any CPU
		{1D70965C-1F96-464A-902B-2D35D7D36E81}.Debug|Any CPU.Build.0 = Debug|Any CPU
		{1D70965C-1F96-464A-902B-2D35D7D36E81}.Debug|x64.ActiveCfg = Debug|Any CPU
		{1D70965C-1F96-464A-902B-2D35D7D36E81}.Debug|x64.Build.0 = Debug|Any CPU
		{1D70965C-1F96-464A-902B-2D35D7D36E81}.Debug|x86.ActiveCfg = Debug|Any CPU
		{1D70965C-1F96-464A-902B-2D35D7D36E81}.Debug|x86.Build.0 = Debug|Any CPU
		{1D70965C-1F96-464A-902B-2D35D7D36E81}.Release|Any CPU.ActiveCfg = Release|Any CPU
		{1D70965C-1F96-464A-902B-2D35D7D36E81}.Release|Any CPU.Build.0 = Release|Any CPU
		{1D70965C-1F96-464A-902B-2D35D7D36E81}.Release|x64.ActiveCfg = Release|Any CPU
		{1D70965C-1F96-464A-902B-2D35D7D36E81}.Release|x64.Build.0 = Release|Any CPU
		{1D70965C-1F96-464A-902B-2D35D7D36E81}.Release|x86.ActiveCfg = Release|Any CPU
		{1D70965C-1F96-464A-902B-2D35D7D36E81}.Release|x86.Build.0 = Release|Any CPU
		{B5CBBC48-6255-4175-99EC-304A58FCDE4A}.Debug|Any CPU.ActiveCfg = Debug|Any CPU
		{B5CBBC48-6255-4175-99EC-304A58FCDE4A}.Debug|Any CPU.Build.0 = Debug|Any CPU
		{B5CBBC48-6255-4175-99EC-304A58FCDE4A}.Debug|x64.ActiveCfg = Debug|Any CPU
		{B5CBBC48-6255-4175-99EC-304A58FCDE4A}.Debug|x64.Build.0 = Debug|Any CPU
		{B5CBBC48-6255-4175-99EC-304A58FCDE4A}.Debug|x86.ActiveCfg = Debug|Any CPU
		{B5CBBC48-6255-4175-99EC-304A58FCDE4A}.Debug|x86.Build.0 = Debug|Any CPU
		{B5CBBC48-6255-4175-99EC-304A58FCDE4A}.Release|Any CPU.ActiveCfg = Release|Any CPU
		{B5CBBC48-6255-4175-99EC-304A58FCDE4A}.Release|Any CPU.Build.0 = Release|Any CPU
		{B5CBBC48-6255-4175-99EC-304A58FCDE4A}.Release|x64.ActiveCfg = Release|Any CPU
		{B5CBBC48-6255-4175-99EC-304A58FCDE4A}.Release|x64.Build.0 = Release|Any CPU
		{B5CBBC48-6255-4175-99EC-304A58FCDE4A}.Release|x86.ActiveCfg = Release|Any CPU
		{B5CBBC48-6255-4175-99EC-304A58FCDE4A}.Release|x86.Build.0 = Release|Any CPU
		{0D7118B0-54F5-400F-BD96-2F8CC383B733}.Debug|Any CPU.ActiveCfg = Debug|Any CPU
		{0D7118B0-54F5-400F-BD96-2F8CC383B733}.Debug|Any CPU.Build.0 = Debug|Any CPU
		{0D7118B0-54F5-400F-BD96-2F8CC383B733}.Debug|x64.ActiveCfg = Debug|Any CPU
		{0D7118B0-54F5-400F-BD96-2F8CC383B733}.Debug|x64.Build.0 = Debug|Any CPU
		{0D7118B0-54F5-400F-BD96-2F8CC383B733}.Debug|x86.ActiveCfg = Debug|Any CPU
		{0D7118B0-54F5-400F-BD96-2F8CC383B733}.Debug|x86.Build.0 = Debug|Any CPU
		{0D7118B0-54F5-400F-BD96-2F8CC383B733}.Release|Any CPU.ActiveCfg = Release|Any CPU
		{0D7118B0-54F5-400F-BD96-2F8CC383B733}.Release|Any CPU.Build.0 = Release|Any CPU
		{0D7118B0-54F5-400F-BD96-2F8CC383B733}.Release|x64.ActiveCfg = Release|Any CPU
		{0D7118B0-54F5-400F-BD96-2F8CC383B733}.Release|x64.Build.0 = Release|Any CPU
		{0D7118B0-54F5-400F-BD96-2F8CC383B733}.Release|x86.ActiveCfg = Release|Any CPU
		{0D7118B0-54F5-400F-BD96-2F8CC383B733}.Release|x86.Build.0 = Release|Any CPU
		{C498552A-166C-4002-B30F-1C10ECFD5D88}.Debug|Any CPU.ActiveCfg = Debug|Any CPU
		{C498552A-166C-4002-B30F-1C10ECFD5D88}.Debug|Any CPU.Build.0 = Debug|Any CPU
		{C498552A-166C-4002-B30F-1C10ECFD5D88}.Debug|x64.ActiveCfg = Debug|Any CPU
		{C498552A-166C-4002-B30F-1C10ECFD5D88}.Debug|x64.Build.0 = Debug|Any CPU
		{C498552A-166C-4002-B30F-1C10ECFD5D88}.Debug|x86.ActiveCfg = Debug|Any CPU
		{C498552A-166C-4002-B30F-1C10ECFD5D88}.Debug|x86.Build.0 = Debug|Any CPU
		{C498552A-166C-4002-B30F-1C10ECFD5D88}.Release|Any CPU.ActiveCfg = Release|Any CPU
		{C498552A-166C-4002-B30F-1C10ECFD5D88}.Release|Any CPU.Build.0 = Release|Any CPU
		{C498552A-166C-4002-B30F-1C10ECFD5D88}.Release|x64.ActiveCfg = Release|Any CPU
		{C498552A-166C-4002-B30F-1C10ECFD5D88}.Release|x64.Build.0 = Release|Any CPU
		{C498552A-166C-4002-B30F-1C10ECFD5D88}.Release|x86.ActiveCfg = Release|Any CPU
		{C498552A-166C-4002-B30F-1C10ECFD5D88}.Release|x86.Build.0 = Release|Any CPU
		{164E992F-B315-4684-8E11-709E31009DBC}.Debug|Any CPU.ActiveCfg = Debug|Any CPU
		{164E992F-B315-4684-8E11-709E31009DBC}.Debug|Any CPU.Build.0 = Debug|Any CPU
		{164E992F-B315-4684-8E11-709E31009DBC}.Debug|x64.ActiveCfg = Debug|Any CPU
		{164E992F-B315-4684-8E11-709E31009DBC}.Debug|x64.Build.0 = Debug|Any CPU
		{164E992F-B315-4684-8E11-709E31009DBC}.Debug|x86.ActiveCfg = Debug|Any CPU
		{164E992F-B315-4684-8E11-709E31009DBC}.Debug|x86.Build.0 = Debug|Any CPU
		{164E992F-B315-4684-8E11-709E31009DBC}.Release|Any CPU.ActiveCfg = Release|Any CPU
		{164E992F-B315-4684-8E11-709E31009DBC}.Release|Any CPU.Build.0 = Release|Any CPU
		{164E992F-B315-4684-8E11-709E31009DBC}.Release|x64.ActiveCfg = Release|Any CPU
		{164E992F-B315-4684-8E11-709E31009DBC}.Release|x64.Build.0 = Release|Any CPU
		{164E992F-B315-4684-8E11-709E31009DBC}.Release|x86.ActiveCfg = Release|Any CPU
		{164E992F-B315-4684-8E11-709E31009DBC}.Release|x86.Build.0 = Release|Any CPU
		{AD05D61F-61CF-4080-8003-0D58A7C0EE25}.Debug|Any CPU.ActiveCfg = Debug|Any CPU
		{AD05D61F-61CF-4080-8003-0D58A7C0EE25}.Debug|Any CPU.Build.0 = Debug|Any CPU
		{AD05D61F-61CF-4080-8003-0D58A7C0EE25}.Debug|x64.ActiveCfg = Debug|Any CPU
		{AD05D61F-61CF-4080-8003-0D58A7C0EE25}.Debug|x64.Build.0 = Debug|Any CPU
		{AD05D61F-61CF-4080-8003-0D58A7C0EE25}.Debug|x86.ActiveCfg = Debug|Any CPU
		{AD05D61F-61CF-4080-8003-0D58A7C0EE25}.Debug|x86.Build.0 = Debug|Any CPU
		{AD05D61F-61CF-4080-8003-0D58A7C0EE25}.Release|Any CPU.ActiveCfg = Release|Any CPU
		{AD05D61F-61CF-4080-8003-0D58A7C0EE25}.Release|Any CPU.Build.0 = Release|Any CPU
		{AD05D61F-61CF-4080-8003-0D58A7C0EE25}.Release|x64.ActiveCfg = Release|Any CPU
		{AD05D61F-61CF-4080-8003-0D58A7C0EE25}.Release|x64.Build.0 = Release|Any CPU
		{AD05D61F-61CF-4080-8003-0D58A7C0EE25}.Release|x86.ActiveCfg = Release|Any CPU
		{AD05D61F-61CF-4080-8003-0D58A7C0EE25}.Release|x86.Build.0 = Release|Any CPU
		{1A658B10-6FEB-4BD1-94EB-C69AFB88DF5C}.Debug|Any CPU.ActiveCfg = Debug|Any CPU
		{1A658B10-6FEB-4BD1-94EB-C69AFB88DF5C}.Debug|Any CPU.Build.0 = Debug|Any CPU
		{1A658B10-6FEB-4BD1-94EB-C69AFB88DF5C}.Debug|x64.ActiveCfg = Debug|Any CPU
		{1A658B10-6FEB-4BD1-94EB-C69AFB88DF5C}.Debug|x64.Build.0 = Debug|Any CPU
		{1A658B10-6FEB-4BD1-94EB-C69AFB88DF5C}.Debug|x86.ActiveCfg = Debug|Any CPU
		{1A658B10-6FEB-4BD1-94EB-C69AFB88DF5C}.Debug|x86.Build.0 = Debug|Any CPU
		{1A658B10-6FEB-4BD1-94EB-C69AFB88DF5C}.Release|Any CPU.ActiveCfg = Release|Any CPU
		{1A658B10-6FEB-4BD1-94EB-C69AFB88DF5C}.Release|Any CPU.Build.0 = Release|Any CPU
		{1A658B10-6FEB-4BD1-94EB-C69AFB88DF5C}.Release|x64.ActiveCfg = Release|Any CPU
		{1A658B10-6FEB-4BD1-94EB-C69AFB88DF5C}.Release|x64.Build.0 = Release|Any CPU
		{1A658B10-6FEB-4BD1-94EB-C69AFB88DF5C}.Release|x86.ActiveCfg = Release|Any CPU
		{1A658B10-6FEB-4BD1-94EB-C69AFB88DF5C}.Release|x86.Build.0 = Release|Any CPU
		{3E4A957C-6432-44E6-B888-92674A16C038}.Debug|Any CPU.ActiveCfg = Debug|Any CPU
		{3E4A957C-6432-44E6-B888-92674A16C038}.Debug|Any CPU.Build.0 = Debug|Any CPU
		{3E4A957C-6432-44E6-B888-92674A16C038}.Debug|x64.ActiveCfg = Debug|Any CPU
		{3E4A957C-6432-44E6-B888-92674A16C038}.Debug|x64.Build.0 = Debug|Any CPU
		{3E4A957C-6432-44E6-B888-92674A16C038}.Debug|x86.ActiveCfg = Debug|Any CPU
		{3E4A957C-6432-44E6-B888-92674A16C038}.Debug|x86.Build.0 = Debug|Any CPU
		{3E4A957C-6432-44E6-B888-92674A16C038}.Release|Any CPU.ActiveCfg = Release|Any CPU
		{3E4A957C-6432-44E6-B888-92674A16C038}.Release|Any CPU.Build.0 = Release|Any CPU
		{3E4A957C-6432-44E6-B888-92674A16C038}.Release|x64.ActiveCfg = Release|Any CPU
		{3E4A957C-6432-44E6-B888-92674A16C038}.Release|x64.Build.0 = Release|Any CPU
		{3E4A957C-6432-44E6-B888-92674A16C038}.Release|x86.ActiveCfg = Release|Any CPU
		{3E4A957C-6432-44E6-B888-92674A16C038}.Release|x86.Build.0 = Release|Any CPU
		{C35F5F91-9360-499A-8D7C-E2012C7799E7}.Debug|Any CPU.ActiveCfg = Debug|Any CPU
		{C35F5F91-9360-499A-8D7C-E2012C7799E7}.Debug|Any CPU.Build.0 = Debug|Any CPU
		{C35F5F91-9360-499A-8D7C-E2012C7799E7}.Debug|x64.ActiveCfg = Debug|Any CPU
		{C35F5F91-9360-499A-8D7C-E2012C7799E7}.Debug|x64.Build.0 = Debug|Any CPU
		{C35F5F91-9360-499A-8D7C-E2012C7799E7}.Debug|x86.ActiveCfg = Debug|Any CPU
		{C35F5F91-9360-499A-8D7C-E2012C7799E7}.Debug|x86.Build.0 = Debug|Any CPU
		{C35F5F91-9360-499A-8D7C-E2012C7799E7}.Release|Any CPU.ActiveCfg = Release|Any CPU
		{C35F5F91-9360-499A-8D7C-E2012C7799E7}.Release|Any CPU.Build.0 = Release|Any CPU
		{C35F5F91-9360-499A-8D7C-E2012C7799E7}.Release|x64.ActiveCfg = Release|Any CPU
		{C35F5F91-9360-499A-8D7C-E2012C7799E7}.Release|x64.Build.0 = Release|Any CPU
		{C35F5F91-9360-499A-8D7C-E2012C7799E7}.Release|x86.ActiveCfg = Release|Any CPU
		{C35F5F91-9360-499A-8D7C-E2012C7799E7}.Release|x86.Build.0 = Release|Any CPU
		{CC5968CA-97B7-41F4-9B2A-D1A8AC7FEBB1}.Debug|Any CPU.ActiveCfg = Debug|Any CPU
		{CC5968CA-97B7-41F4-9B2A-D1A8AC7FEBB1}.Debug|Any CPU.Build.0 = Debug|Any CPU
		{CC5968CA-97B7-41F4-9B2A-D1A8AC7FEBB1}.Debug|x64.ActiveCfg = Debug|Any CPU
		{CC5968CA-97B7-41F4-9B2A-D1A8AC7FEBB1}.Debug|x64.Build.0 = Debug|Any CPU
		{CC5968CA-97B7-41F4-9B2A-D1A8AC7FEBB1}.Debug|x86.ActiveCfg = Debug|Any CPU
		{CC5968CA-97B7-41F4-9B2A-D1A8AC7FEBB1}.Debug|x86.Build.0 = Debug|Any CPU
		{CC5968CA-97B7-41F4-9B2A-D1A8AC7FEBB1}.Release|Any CPU.ActiveCfg = Release|Any CPU
		{CC5968CA-97B7-41F4-9B2A-D1A8AC7FEBB1}.Release|Any CPU.Build.0 = Release|Any CPU
		{CC5968CA-97B7-41F4-9B2A-D1A8AC7FEBB1}.Release|x64.ActiveCfg = Release|Any CPU
		{CC5968CA-97B7-41F4-9B2A-D1A8AC7FEBB1}.Release|x64.Build.0 = Release|Any CPU
		{CC5968CA-97B7-41F4-9B2A-D1A8AC7FEBB1}.Release|x86.ActiveCfg = Release|Any CPU
		{CC5968CA-97B7-41F4-9B2A-D1A8AC7FEBB1}.Release|x86.Build.0 = Release|Any CPU
		{8CC62E03-58DD-4A5E-B580-190A94D58C9E}.Debug|Any CPU.ActiveCfg = Debug|Any CPU
		{8CC62E03-58DD-4A5E-B580-190A94D58C9E}.Debug|Any CPU.Build.0 = Debug|Any CPU
		{8CC62E03-58DD-4A5E-B580-190A94D58C9E}.Debug|x64.ActiveCfg = Debug|Any CPU
		{8CC62E03-58DD-4A5E-B580-190A94D58C9E}.Debug|x64.Build.0 = Debug|Any CPU
		{8CC62E03-58DD-4A5E-B580-190A94D58C9E}.Debug|x86.ActiveCfg = Debug|Any CPU
		{8CC62E03-58DD-4A5E-B580-190A94D58C9E}.Debug|x86.Build.0 = Debug|Any CPU
		{8CC62E03-58DD-4A5E-B580-190A94D58C9E}.Release|Any CPU.ActiveCfg = Release|Any CPU
		{8CC62E03-58DD-4A5E-B580-190A94D58C9E}.Release|Any CPU.Build.0 = Release|Any CPU
		{8CC62E03-58DD-4A5E-B580-190A94D58C9E}.Release|x64.ActiveCfg = Release|Any CPU
		{8CC62E03-58DD-4A5E-B580-190A94D58C9E}.Release|x64.Build.0 = Release|Any CPU
		{8CC62E03-58DD-4A5E-B580-190A94D58C9E}.Release|x86.ActiveCfg = Release|Any CPU
		{8CC62E03-58DD-4A5E-B580-190A94D58C9E}.Release|x86.Build.0 = Release|Any CPU
		{8500DED9-0A09-4907-B66F-56E95E9D1138}.Debug|Any CPU.ActiveCfg = Debug|Any CPU
		{8500DED9-0A09-4907-B66F-56E95E9D1138}.Debug|Any CPU.Build.0 = Debug|Any CPU
		{8500DED9-0A09-4907-B66F-56E95E9D1138}.Debug|x64.ActiveCfg = Debug|Any CPU
		{8500DED9-0A09-4907-B66F-56E95E9D1138}.Debug|x64.Build.0 = Debug|Any CPU
		{8500DED9-0A09-4907-B66F-56E95E9D1138}.Debug|x86.ActiveCfg = Debug|Any CPU
		{8500DED9-0A09-4907-B66F-56E95E9D1138}.Debug|x86.Build.0 = Debug|Any CPU
		{8500DED9-0A09-4907-B66F-56E95E9D1138}.Release|Any CPU.ActiveCfg = Release|Any CPU
		{8500DED9-0A09-4907-B66F-56E95E9D1138}.Release|Any CPU.Build.0 = Release|Any CPU
		{8500DED9-0A09-4907-B66F-56E95E9D1138}.Release|x64.ActiveCfg = Release|Any CPU
		{8500DED9-0A09-4907-B66F-56E95E9D1138}.Release|x64.Build.0 = Release|Any CPU
		{8500DED9-0A09-4907-B66F-56E95E9D1138}.Release|x86.ActiveCfg = Release|Any CPU
		{8500DED9-0A09-4907-B66F-56E95E9D1138}.Release|x86.Build.0 = Release|Any CPU
		{7F5F5DA0-E499-449B-A724-13937CC4D7AC}.Debug|Any CPU.ActiveCfg = Debug|Any CPU
		{7F5F5DA0-E499-449B-A724-13937CC4D7AC}.Debug|Any CPU.Build.0 = Debug|Any CPU
		{7F5F5DA0-E499-449B-A724-13937CC4D7AC}.Debug|x64.ActiveCfg = Debug|Any CPU
		{7F5F5DA0-E499-449B-A724-13937CC4D7AC}.Debug|x64.Build.0 = Debug|Any CPU
		{7F5F5DA0-E499-449B-A724-13937CC4D7AC}.Debug|x86.ActiveCfg = Debug|Any CPU
		{7F5F5DA0-E499-449B-A724-13937CC4D7AC}.Debug|x86.Build.0 = Debug|Any CPU
		{7F5F5DA0-E499-449B-A724-13937CC4D7AC}.Release|Any CPU.ActiveCfg = Release|Any CPU
		{7F5F5DA0-E499-449B-A724-13937CC4D7AC}.Release|Any CPU.Build.0 = Release|Any CPU
		{7F5F5DA0-E499-449B-A724-13937CC4D7AC}.Release|x64.ActiveCfg = Release|Any CPU
		{7F5F5DA0-E499-449B-A724-13937CC4D7AC}.Release|x64.Build.0 = Release|Any CPU
		{7F5F5DA0-E499-449B-A724-13937CC4D7AC}.Release|x86.ActiveCfg = Release|Any CPU
		{7F5F5DA0-E499-449B-A724-13937CC4D7AC}.Release|x86.Build.0 = Release|Any CPU
		{BBAD640C-80FF-4EEC-B4E2-4FA2D1A3A8DD}.Debug|Any CPU.ActiveCfg = Debug|Any CPU
		{BBAD640C-80FF-4EEC-B4E2-4FA2D1A3A8DD}.Debug|Any CPU.Build.0 = Debug|Any CPU
		{BBAD640C-80FF-4EEC-B4E2-4FA2D1A3A8DD}.Debug|x64.ActiveCfg = Debug|Any CPU
		{BBAD640C-80FF-4EEC-B4E2-4FA2D1A3A8DD}.Debug|x64.Build.0 = Debug|Any CPU
		{BBAD640C-80FF-4EEC-B4E2-4FA2D1A3A8DD}.Debug|x86.ActiveCfg = Debug|Any CPU
		{BBAD640C-80FF-4EEC-B4E2-4FA2D1A3A8DD}.Debug|x86.Build.0 = Debug|Any CPU
		{BBAD640C-80FF-4EEC-B4E2-4FA2D1A3A8DD}.Release|Any CPU.ActiveCfg = Release|Any CPU
		{BBAD640C-80FF-4EEC-B4E2-4FA2D1A3A8DD}.Release|Any CPU.Build.0 = Release|Any CPU
		{BBAD640C-80FF-4EEC-B4E2-4FA2D1A3A8DD}.Release|x64.ActiveCfg = Release|Any CPU
		{BBAD640C-80FF-4EEC-B4E2-4FA2D1A3A8DD}.Release|x64.Build.0 = Release|Any CPU
		{BBAD640C-80FF-4EEC-B4E2-4FA2D1A3A8DD}.Release|x86.ActiveCfg = Release|Any CPU
		{BBAD640C-80FF-4EEC-B4E2-4FA2D1A3A8DD}.Release|x86.Build.0 = Release|Any CPU
		{D29FD980-1CFC-4399-8565-018B9CD0DEA2}.Debug|Any CPU.ActiveCfg = Debug|Any CPU
		{D29FD980-1CFC-4399-8565-018B9CD0DEA2}.Debug|Any CPU.Build.0 = Debug|Any CPU
		{D29FD980-1CFC-4399-8565-018B9CD0DEA2}.Debug|x64.ActiveCfg = Debug|Any CPU
		{D29FD980-1CFC-4399-8565-018B9CD0DEA2}.Debug|x64.Build.0 = Debug|Any CPU
		{D29FD980-1CFC-4399-8565-018B9CD0DEA2}.Debug|x86.ActiveCfg = Debug|Any CPU
		{D29FD980-1CFC-4399-8565-018B9CD0DEA2}.Debug|x86.Build.0 = Debug|Any CPU
		{D29FD980-1CFC-4399-8565-018B9CD0DEA2}.Release|Any CPU.ActiveCfg = Release|Any CPU
		{D29FD980-1CFC-4399-8565-018B9CD0DEA2}.Release|Any CPU.Build.0 = Release|Any CPU
		{D29FD980-1CFC-4399-8565-018B9CD0DEA2}.Release|x64.ActiveCfg = Release|Any CPU
		{D29FD980-1CFC-4399-8565-018B9CD0DEA2}.Release|x64.Build.0 = Release|Any CPU
		{D29FD980-1CFC-4399-8565-018B9CD0DEA2}.Release|x86.ActiveCfg = Release|Any CPU
		{D29FD980-1CFC-4399-8565-018B9CD0DEA2}.Release|x86.Build.0 = Release|Any CPU
		{34F88D65-F865-40C6-BFFF-706815CCFD07}.Debug|Any CPU.ActiveCfg = Debug|Any CPU
		{34F88D65-F865-40C6-BFFF-706815CCFD07}.Debug|Any CPU.Build.0 = Debug|Any CPU
		{34F88D65-F865-40C6-BFFF-706815CCFD07}.Debug|x64.ActiveCfg = Debug|Any CPU
		{34F88D65-F865-40C6-BFFF-706815CCFD07}.Debug|x64.Build.0 = Debug|Any CPU
		{34F88D65-F865-40C6-BFFF-706815CCFD07}.Debug|x86.ActiveCfg = Debug|Any CPU
		{34F88D65-F865-40C6-BFFF-706815CCFD07}.Debug|x86.Build.0 = Debug|Any CPU
		{34F88D65-F865-40C6-BFFF-706815CCFD07}.Release|Any CPU.ActiveCfg = Release|Any CPU
		{34F88D65-F865-40C6-BFFF-706815CCFD07}.Release|Any CPU.Build.0 = Release|Any CPU
		{34F88D65-F865-40C6-BFFF-706815CCFD07}.Release|x64.ActiveCfg = Release|Any CPU
		{34F88D65-F865-40C6-BFFF-706815CCFD07}.Release|x64.Build.0 = Release|Any CPU
		{34F88D65-F865-40C6-BFFF-706815CCFD07}.Release|x86.ActiveCfg = Release|Any CPU
		{34F88D65-F865-40C6-BFFF-706815CCFD07}.Release|x86.Build.0 = Release|Any CPU
		{FAA5051E-2D41-4A33-A1C9-D47F532C4E1D}.Debug|Any CPU.ActiveCfg = Debug|Any CPU
		{FAA5051E-2D41-4A33-A1C9-D47F532C4E1D}.Debug|Any CPU.Build.0 = Debug|Any CPU
		{FAA5051E-2D41-4A33-A1C9-D47F532C4E1D}.Debug|x64.ActiveCfg = Debug|Any CPU
		{FAA5051E-2D41-4A33-A1C9-D47F532C4E1D}.Debug|x64.Build.0 = Debug|Any CPU
		{FAA5051E-2D41-4A33-A1C9-D47F532C4E1D}.Debug|x86.ActiveCfg = Debug|Any CPU
		{FAA5051E-2D41-4A33-A1C9-D47F532C4E1D}.Debug|x86.Build.0 = Debug|Any CPU
		{FAA5051E-2D41-4A33-A1C9-D47F532C4E1D}.Release|Any CPU.ActiveCfg = Release|Any CPU
		{FAA5051E-2D41-4A33-A1C9-D47F532C4E1D}.Release|Any CPU.Build.0 = Release|Any CPU
		{FAA5051E-2D41-4A33-A1C9-D47F532C4E1D}.Release|x64.ActiveCfg = Release|Any CPU
		{FAA5051E-2D41-4A33-A1C9-D47F532C4E1D}.Release|x64.Build.0 = Release|Any CPU
		{FAA5051E-2D41-4A33-A1C9-D47F532C4E1D}.Release|x86.ActiveCfg = Release|Any CPU
		{FAA5051E-2D41-4A33-A1C9-D47F532C4E1D}.Release|x86.Build.0 = Release|Any CPU
		{639E3B3C-E80D-49CA-8934-4B100C00AB63}.Debug|Any CPU.ActiveCfg = Debug|Any CPU
		{639E3B3C-E80D-49CA-8934-4B100C00AB63}.Debug|Any CPU.Build.0 = Debug|Any CPU
		{639E3B3C-E80D-49CA-8934-4B100C00AB63}.Debug|x64.ActiveCfg = Debug|Any CPU
		{639E3B3C-E80D-49CA-8934-4B100C00AB63}.Debug|x64.Build.0 = Debug|Any CPU
		{639E3B3C-E80D-49CA-8934-4B100C00AB63}.Debug|x86.ActiveCfg = Debug|Any CPU
		{639E3B3C-E80D-49CA-8934-4B100C00AB63}.Debug|x86.Build.0 = Debug|Any CPU
		{639E3B3C-E80D-49CA-8934-4B100C00AB63}.Release|Any CPU.ActiveCfg = Release|Any CPU
		{639E3B3C-E80D-49CA-8934-4B100C00AB63}.Release|Any CPU.Build.0 = Release|Any CPU
		{639E3B3C-E80D-49CA-8934-4B100C00AB63}.Release|x64.ActiveCfg = Release|Any CPU
		{639E3B3C-E80D-49CA-8934-4B100C00AB63}.Release|x64.Build.0 = Release|Any CPU
		{639E3B3C-E80D-49CA-8934-4B100C00AB63}.Release|x86.ActiveCfg = Release|Any CPU
		{639E3B3C-E80D-49CA-8934-4B100C00AB63}.Release|x86.Build.0 = Release|Any CPU
		{FEC3B43D-1C6A-4547-A3CA-B887C8A82BA8}.Debug|Any CPU.ActiveCfg = Debug|Any CPU
		{FEC3B43D-1C6A-4547-A3CA-B887C8A82BA8}.Debug|Any CPU.Build.0 = Debug|Any CPU
		{FEC3B43D-1C6A-4547-A3CA-B887C8A82BA8}.Debug|x64.ActiveCfg = Debug|Any CPU
		{FEC3B43D-1C6A-4547-A3CA-B887C8A82BA8}.Debug|x64.Build.0 = Debug|Any CPU
		{FEC3B43D-1C6A-4547-A3CA-B887C8A82BA8}.Debug|x86.ActiveCfg = Debug|Any CPU
		{FEC3B43D-1C6A-4547-A3CA-B887C8A82BA8}.Debug|x86.Build.0 = Debug|Any CPU
		{FEC3B43D-1C6A-4547-A3CA-B887C8A82BA8}.Release|Any CPU.ActiveCfg = Release|Any CPU
		{FEC3B43D-1C6A-4547-A3CA-B887C8A82BA8}.Release|Any CPU.Build.0 = Release|Any CPU
		{FEC3B43D-1C6A-4547-A3CA-B887C8A82BA8}.Release|x64.ActiveCfg = Release|Any CPU
		{FEC3B43D-1C6A-4547-A3CA-B887C8A82BA8}.Release|x64.Build.0 = Release|Any CPU
		{FEC3B43D-1C6A-4547-A3CA-B887C8A82BA8}.Release|x86.ActiveCfg = Release|Any CPU
		{FEC3B43D-1C6A-4547-A3CA-B887C8A82BA8}.Release|x86.Build.0 = Release|Any CPU
		{6C4F8B6B-DD27-4EEB-950B-922B6180CDC1}.Debug|Any CPU.ActiveCfg = Debug|Any CPU
		{6C4F8B6B-DD27-4EEB-950B-922B6180CDC1}.Debug|Any CPU.Build.0 = Debug|Any CPU
		{6C4F8B6B-DD27-4EEB-950B-922B6180CDC1}.Debug|x64.ActiveCfg = Debug|Any CPU
		{6C4F8B6B-DD27-4EEB-950B-922B6180CDC1}.Debug|x64.Build.0 = Debug|Any CPU
		{6C4F8B6B-DD27-4EEB-950B-922B6180CDC1}.Debug|x86.ActiveCfg = Debug|Any CPU
		{6C4F8B6B-DD27-4EEB-950B-922B6180CDC1}.Debug|x86.Build.0 = Debug|Any CPU
		{6C4F8B6B-DD27-4EEB-950B-922B6180CDC1}.Release|Any CPU.ActiveCfg = Release|Any CPU
		{6C4F8B6B-DD27-4EEB-950B-922B6180CDC1}.Release|Any CPU.Build.0 = Release|Any CPU
		{6C4F8B6B-DD27-4EEB-950B-922B6180CDC1}.Release|x64.ActiveCfg = Release|Any CPU
		{6C4F8B6B-DD27-4EEB-950B-922B6180CDC1}.Release|x64.Build.0 = Release|Any CPU
		{6C4F8B6B-DD27-4EEB-950B-922B6180CDC1}.Release|x86.ActiveCfg = Release|Any CPU
		{6C4F8B6B-DD27-4EEB-950B-922B6180CDC1}.Release|x86.Build.0 = Release|Any CPU
		{FBC73D4C-B0AF-4E6E-A965-ECB16775C717}.Debug|Any CPU.ActiveCfg = Debug|Any CPU
		{FBC73D4C-B0AF-4E6E-A965-ECB16775C717}.Debug|Any CPU.Build.0 = Debug|Any CPU
		{FBC73D4C-B0AF-4E6E-A965-ECB16775C717}.Debug|x64.ActiveCfg = Debug|Any CPU
		{FBC73D4C-B0AF-4E6E-A965-ECB16775C717}.Debug|x64.Build.0 = Debug|Any CPU
		{FBC73D4C-B0AF-4E6E-A965-ECB16775C717}.Debug|x86.ActiveCfg = Debug|Any CPU
		{FBC73D4C-B0AF-4E6E-A965-ECB16775C717}.Debug|x86.Build.0 = Debug|Any CPU
		{FBC73D4C-B0AF-4E6E-A965-ECB16775C717}.Release|Any CPU.ActiveCfg = Release|Any CPU
		{FBC73D4C-B0AF-4E6E-A965-ECB16775C717}.Release|Any CPU.Build.0 = Release|Any CPU
		{FBC73D4C-B0AF-4E6E-A965-ECB16775C717}.Release|x64.ActiveCfg = Release|Any CPU
		{FBC73D4C-B0AF-4E6E-A965-ECB16775C717}.Release|x64.Build.0 = Release|Any CPU
		{FBC73D4C-B0AF-4E6E-A965-ECB16775C717}.Release|x86.ActiveCfg = Release|Any CPU
		{FBC73D4C-B0AF-4E6E-A965-ECB16775C717}.Release|x86.Build.0 = Release|Any CPU
		{7E0C9267-67DF-4C90-9C8A-F8B1BF6FF251}.Debug|Any CPU.ActiveCfg = Debug|Any CPU
		{7E0C9267-67DF-4C90-9C8A-F8B1BF6FF251}.Debug|Any CPU.Build.0 = Debug|Any CPU
		{7E0C9267-67DF-4C90-9C8A-F8B1BF6FF251}.Debug|x64.ActiveCfg = Debug|Any CPU
		{7E0C9267-67DF-4C90-9C8A-F8B1BF6FF251}.Debug|x64.Build.0 = Debug|Any CPU
		{7E0C9267-67DF-4C90-9C8A-F8B1BF6FF251}.Debug|x86.ActiveCfg = Debug|Any CPU
		{7E0C9267-67DF-4C90-9C8A-F8B1BF6FF251}.Debug|x86.Build.0 = Debug|Any CPU
		{7E0C9267-67DF-4C90-9C8A-F8B1BF6FF251}.Release|Any CPU.ActiveCfg = Release|Any CPU
		{7E0C9267-67DF-4C90-9C8A-F8B1BF6FF251}.Release|Any CPU.Build.0 = Release|Any CPU
		{7E0C9267-67DF-4C90-9C8A-F8B1BF6FF251}.Release|x64.ActiveCfg = Release|Any CPU
		{7E0C9267-67DF-4C90-9C8A-F8B1BF6FF251}.Release|x64.Build.0 = Release|Any CPU
		{7E0C9267-67DF-4C90-9C8A-F8B1BF6FF251}.Release|x86.ActiveCfg = Release|Any CPU
		{7E0C9267-67DF-4C90-9C8A-F8B1BF6FF251}.Release|x86.Build.0 = Release|Any CPU
		{7A4E036D-12C4-4BB7-B06F-2FFD5302E576}.Debug|Any CPU.ActiveCfg = Debug|Any CPU
		{7A4E036D-12C4-4BB7-B06F-2FFD5302E576}.Debug|Any CPU.Build.0 = Debug|Any CPU
		{7A4E036D-12C4-4BB7-B06F-2FFD5302E576}.Debug|x64.ActiveCfg = Debug|Any CPU
		{7A4E036D-12C4-4BB7-B06F-2FFD5302E576}.Debug|x64.Build.0 = Debug|Any CPU
		{7A4E036D-12C4-4BB7-B06F-2FFD5302E576}.Debug|x86.ActiveCfg = Debug|Any CPU
		{7A4E036D-12C4-4BB7-B06F-2FFD5302E576}.Debug|x86.Build.0 = Debug|Any CPU
		{7A4E036D-12C4-4BB7-B06F-2FFD5302E576}.Release|Any CPU.ActiveCfg = Release|Any CPU
		{7A4E036D-12C4-4BB7-B06F-2FFD5302E576}.Release|Any CPU.Build.0 = Release|Any CPU
		{7A4E036D-12C4-4BB7-B06F-2FFD5302E576}.Release|x64.ActiveCfg = Release|Any CPU
		{7A4E036D-12C4-4BB7-B06F-2FFD5302E576}.Release|x64.Build.0 = Release|Any CPU
		{7A4E036D-12C4-4BB7-B06F-2FFD5302E576}.Release|x86.ActiveCfg = Release|Any CPU
		{7A4E036D-12C4-4BB7-B06F-2FFD5302E576}.Release|x86.Build.0 = Release|Any CPU
		{D26066F3-A53E-4CB4-9C8E-A9234EFB57FD}.Debug|Any CPU.ActiveCfg = Debug|Any CPU
		{D26066F3-A53E-4CB4-9C8E-A9234EFB57FD}.Debug|Any CPU.Build.0 = Debug|Any CPU
		{D26066F3-A53E-4CB4-9C8E-A9234EFB57FD}.Debug|x64.ActiveCfg = Debug|Any CPU
		{D26066F3-A53E-4CB4-9C8E-A9234EFB57FD}.Debug|x64.Build.0 = Debug|Any CPU
		{D26066F3-A53E-4CB4-9C8E-A9234EFB57FD}.Debug|x86.ActiveCfg = Debug|Any CPU
		{D26066F3-A53E-4CB4-9C8E-A9234EFB57FD}.Debug|x86.Build.0 = Debug|Any CPU
		{D26066F3-A53E-4CB4-9C8E-A9234EFB57FD}.Release|Any CPU.ActiveCfg = Release|Any CPU
		{D26066F3-A53E-4CB4-9C8E-A9234EFB57FD}.Release|Any CPU.Build.0 = Release|Any CPU
		{D26066F3-A53E-4CB4-9C8E-A9234EFB57FD}.Release|x64.ActiveCfg = Release|Any CPU
		{D26066F3-A53E-4CB4-9C8E-A9234EFB57FD}.Release|x64.Build.0 = Release|Any CPU
		{D26066F3-A53E-4CB4-9C8E-A9234EFB57FD}.Release|x86.ActiveCfg = Release|Any CPU
		{D26066F3-A53E-4CB4-9C8E-A9234EFB57FD}.Release|x86.Build.0 = Release|Any CPU
		{523151DB-9C0E-4ADD-9BD1-BF437CC19B35}.Debug|Any CPU.ActiveCfg = Debug|Any CPU
		{523151DB-9C0E-4ADD-9BD1-BF437CC19B35}.Debug|Any CPU.Build.0 = Debug|Any CPU
		{523151DB-9C0E-4ADD-9BD1-BF437CC19B35}.Debug|x64.ActiveCfg = Debug|Any CPU
		{523151DB-9C0E-4ADD-9BD1-BF437CC19B35}.Debug|x64.Build.0 = Debug|Any CPU
		{523151DB-9C0E-4ADD-9BD1-BF437CC19B35}.Debug|x86.ActiveCfg = Debug|Any CPU
		{523151DB-9C0E-4ADD-9BD1-BF437CC19B35}.Debug|x86.Build.0 = Debug|Any CPU
		{523151DB-9C0E-4ADD-9BD1-BF437CC19B35}.Release|Any CPU.ActiveCfg = Release|Any CPU
		{523151DB-9C0E-4ADD-9BD1-BF437CC19B35}.Release|Any CPU.Build.0 = Release|Any CPU
		{523151DB-9C0E-4ADD-9BD1-BF437CC19B35}.Release|x64.ActiveCfg = Release|Any CPU
		{523151DB-9C0E-4ADD-9BD1-BF437CC19B35}.Release|x64.Build.0 = Release|Any CPU
		{523151DB-9C0E-4ADD-9BD1-BF437CC19B35}.Release|x86.ActiveCfg = Release|Any CPU
		{523151DB-9C0E-4ADD-9BD1-BF437CC19B35}.Release|x86.Build.0 = Release|Any CPU
		{576BF944-D386-45EF-BD57-9357C04DE8C5}.Debug|Any CPU.ActiveCfg = Debug|Any CPU
		{576BF944-D386-45EF-BD57-9357C04DE8C5}.Debug|Any CPU.Build.0 = Debug|Any CPU
		{576BF944-D386-45EF-BD57-9357C04DE8C5}.Debug|x64.ActiveCfg = Debug|Any CPU
		{576BF944-D386-45EF-BD57-9357C04DE8C5}.Debug|x64.Build.0 = Debug|Any CPU
		{576BF944-D386-45EF-BD57-9357C04DE8C5}.Debug|x86.ActiveCfg = Debug|Any CPU
		{576BF944-D386-45EF-BD57-9357C04DE8C5}.Debug|x86.Build.0 = Debug|Any CPU
		{576BF944-D386-45EF-BD57-9357C04DE8C5}.Release|Any CPU.ActiveCfg = Release|Any CPU
		{576BF944-D386-45EF-BD57-9357C04DE8C5}.Release|Any CPU.Build.0 = Release|Any CPU
		{576BF944-D386-45EF-BD57-9357C04DE8C5}.Release|x64.ActiveCfg = Release|Any CPU
		{576BF944-D386-45EF-BD57-9357C04DE8C5}.Release|x64.Build.0 = Release|Any CPU
		{576BF944-D386-45EF-BD57-9357C04DE8C5}.Release|x86.ActiveCfg = Release|Any CPU
		{576BF944-D386-45EF-BD57-9357C04DE8C5}.Release|x86.Build.0 = Release|Any CPU
		{2416B789-F3C3-47C6-95B1-F937D2EE1716}.Debug|Any CPU.ActiveCfg = Debug|Any CPU
		{2416B789-F3C3-47C6-95B1-F937D2EE1716}.Debug|Any CPU.Build.0 = Debug|Any CPU
		{2416B789-F3C3-47C6-95B1-F937D2EE1716}.Debug|x64.ActiveCfg = Debug|Any CPU
		{2416B789-F3C3-47C6-95B1-F937D2EE1716}.Debug|x64.Build.0 = Debug|Any CPU
		{2416B789-F3C3-47C6-95B1-F937D2EE1716}.Debug|x86.ActiveCfg = Debug|Any CPU
		{2416B789-F3C3-47C6-95B1-F937D2EE1716}.Debug|x86.Build.0 = Debug|Any CPU
		{2416B789-F3C3-47C6-95B1-F937D2EE1716}.Release|Any CPU.ActiveCfg = Release|Any CPU
		{2416B789-F3C3-47C6-95B1-F937D2EE1716}.Release|Any CPU.Build.0 = Release|Any CPU
		{2416B789-F3C3-47C6-95B1-F937D2EE1716}.Release|x64.ActiveCfg = Release|Any CPU
		{2416B789-F3C3-47C6-95B1-F937D2EE1716}.Release|x64.Build.0 = Release|Any CPU
		{2416B789-F3C3-47C6-95B1-F937D2EE1716}.Release|x86.ActiveCfg = Release|Any CPU
		{2416B789-F3C3-47C6-95B1-F937D2EE1716}.Release|x86.Build.0 = Release|Any CPU
		{6A8A805C-22C2-437F-9BA1-1B172BB27A4A}.Debug|Any CPU.ActiveCfg = Debug|Any CPU
		{6A8A805C-22C2-437F-9BA1-1B172BB27A4A}.Debug|Any CPU.Build.0 = Debug|Any CPU
		{6A8A805C-22C2-437F-9BA1-1B172BB27A4A}.Debug|x64.ActiveCfg = Debug|Any CPU
		{6A8A805C-22C2-437F-9BA1-1B172BB27A4A}.Debug|x64.Build.0 = Debug|Any CPU
		{6A8A805C-22C2-437F-9BA1-1B172BB27A4A}.Debug|x86.ActiveCfg = Debug|Any CPU
		{6A8A805C-22C2-437F-9BA1-1B172BB27A4A}.Debug|x86.Build.0 = Debug|Any CPU
		{6A8A805C-22C2-437F-9BA1-1B172BB27A4A}.Release|Any CPU.ActiveCfg = Release|Any CPU
		{6A8A805C-22C2-437F-9BA1-1B172BB27A4A}.Release|Any CPU.Build.0 = Release|Any CPU
		{6A8A805C-22C2-437F-9BA1-1B172BB27A4A}.Release|x64.ActiveCfg = Release|Any CPU
		{6A8A805C-22C2-437F-9BA1-1B172BB27A4A}.Release|x64.Build.0 = Release|Any CPU
		{6A8A805C-22C2-437F-9BA1-1B172BB27A4A}.Release|x86.ActiveCfg = Release|Any CPU
		{6A8A805C-22C2-437F-9BA1-1B172BB27A4A}.Release|x86.Build.0 = Release|Any CPU
		{AEBECFBB-1371-45B1-B0FB-0C41D1C81826}.Debug|Any CPU.ActiveCfg = Debug|Any CPU
		{AEBECFBB-1371-45B1-B0FB-0C41D1C81826}.Debug|Any CPU.Build.0 = Debug|Any CPU
		{AEBECFBB-1371-45B1-B0FB-0C41D1C81826}.Debug|x64.ActiveCfg = Debug|Any CPU
		{AEBECFBB-1371-45B1-B0FB-0C41D1C81826}.Debug|x64.Build.0 = Debug|Any CPU
		{AEBECFBB-1371-45B1-B0FB-0C41D1C81826}.Debug|x86.ActiveCfg = Debug|Any CPU
		{AEBECFBB-1371-45B1-B0FB-0C41D1C81826}.Debug|x86.Build.0 = Debug|Any CPU
		{AEBECFBB-1371-45B1-B0FB-0C41D1C81826}.Release|Any CPU.ActiveCfg = Release|Any CPU
		{AEBECFBB-1371-45B1-B0FB-0C41D1C81826}.Release|Any CPU.Build.0 = Release|Any CPU
		{AEBECFBB-1371-45B1-B0FB-0C41D1C81826}.Release|x64.ActiveCfg = Release|Any CPU
		{AEBECFBB-1371-45B1-B0FB-0C41D1C81826}.Release|x64.Build.0 = Release|Any CPU
		{AEBECFBB-1371-45B1-B0FB-0C41D1C81826}.Release|x86.ActiveCfg = Release|Any CPU
		{AEBECFBB-1371-45B1-B0FB-0C41D1C81826}.Release|x86.Build.0 = Release|Any CPU
		{59962212-0171-4190-823C-C0468114EE5A}.Debug|Any CPU.ActiveCfg = Debug|Any CPU
		{59962212-0171-4190-823C-C0468114EE5A}.Debug|Any CPU.Build.0 = Debug|Any CPU
		{59962212-0171-4190-823C-C0468114EE5A}.Debug|x64.ActiveCfg = Debug|Any CPU
		{59962212-0171-4190-823C-C0468114EE5A}.Debug|x64.Build.0 = Debug|Any CPU
		{59962212-0171-4190-823C-C0468114EE5A}.Debug|x86.ActiveCfg = Debug|Any CPU
		{59962212-0171-4190-823C-C0468114EE5A}.Debug|x86.Build.0 = Debug|Any CPU
		{59962212-0171-4190-823C-C0468114EE5A}.Release|Any CPU.ActiveCfg = Release|Any CPU
		{59962212-0171-4190-823C-C0468114EE5A}.Release|Any CPU.Build.0 = Release|Any CPU
		{59962212-0171-4190-823C-C0468114EE5A}.Release|x64.ActiveCfg = Release|Any CPU
		{59962212-0171-4190-823C-C0468114EE5A}.Release|x64.Build.0 = Release|Any CPU
		{59962212-0171-4190-823C-C0468114EE5A}.Release|x86.ActiveCfg = Release|Any CPU
		{59962212-0171-4190-823C-C0468114EE5A}.Release|x86.Build.0 = Release|Any CPU
		{ECDC9ECA-BCAB-44B6-91A5-78421BEB17E4}.Debug|Any CPU.ActiveCfg = Debug|Any CPU
		{ECDC9ECA-BCAB-44B6-91A5-78421BEB17E4}.Debug|Any CPU.Build.0 = Debug|Any CPU
		{ECDC9ECA-BCAB-44B6-91A5-78421BEB17E4}.Debug|x64.ActiveCfg = Debug|Any CPU
		{ECDC9ECA-BCAB-44B6-91A5-78421BEB17E4}.Debug|x64.Build.0 = Debug|Any CPU
		{ECDC9ECA-BCAB-44B6-91A5-78421BEB17E4}.Debug|x86.ActiveCfg = Debug|Any CPU
		{ECDC9ECA-BCAB-44B6-91A5-78421BEB17E4}.Debug|x86.Build.0 = Debug|Any CPU
		{ECDC9ECA-BCAB-44B6-91A5-78421BEB17E4}.Release|Any CPU.ActiveCfg = Release|Any CPU
		{ECDC9ECA-BCAB-44B6-91A5-78421BEB17E4}.Release|Any CPU.Build.0 = Release|Any CPU
		{ECDC9ECA-BCAB-44B6-91A5-78421BEB17E4}.Release|x64.ActiveCfg = Release|Any CPU
		{ECDC9ECA-BCAB-44B6-91A5-78421BEB17E4}.Release|x64.Build.0 = Release|Any CPU
		{ECDC9ECA-BCAB-44B6-91A5-78421BEB17E4}.Release|x86.ActiveCfg = Release|Any CPU
		{ECDC9ECA-BCAB-44B6-91A5-78421BEB17E4}.Release|x86.Build.0 = Release|Any CPU
		{274EFACB-304B-4511-9157-5B2A9DD6791D}.Debug|Any CPU.ActiveCfg = Debug|Any CPU
		{274EFACB-304B-4511-9157-5B2A9DD6791D}.Debug|Any CPU.Build.0 = Debug|Any CPU
		{274EFACB-304B-4511-9157-5B2A9DD6791D}.Debug|x64.ActiveCfg = Debug|Any CPU
		{274EFACB-304B-4511-9157-5B2A9DD6791D}.Debug|x64.Build.0 = Debug|Any CPU
		{274EFACB-304B-4511-9157-5B2A9DD6791D}.Debug|x86.ActiveCfg = Debug|Any CPU
		{274EFACB-304B-4511-9157-5B2A9DD6791D}.Debug|x86.Build.0 = Debug|Any CPU
		{274EFACB-304B-4511-9157-5B2A9DD6791D}.Release|Any CPU.ActiveCfg = Release|Any CPU
		{274EFACB-304B-4511-9157-5B2A9DD6791D}.Release|Any CPU.Build.0 = Release|Any CPU
		{274EFACB-304B-4511-9157-5B2A9DD6791D}.Release|x64.ActiveCfg = Release|Any CPU
		{274EFACB-304B-4511-9157-5B2A9DD6791D}.Release|x64.Build.0 = Release|Any CPU
		{274EFACB-304B-4511-9157-5B2A9DD6791D}.Release|x86.ActiveCfg = Release|Any CPU
		{274EFACB-304B-4511-9157-5B2A9DD6791D}.Release|x86.Build.0 = Release|Any CPU
		{551848A3-B2A0-4DCB-A2B7-9F7EBA60AAA4}.Debug|Any CPU.ActiveCfg = Debug|Any CPU
		{551848A3-B2A0-4DCB-A2B7-9F7EBA60AAA4}.Debug|Any CPU.Build.0 = Debug|Any CPU
		{551848A3-B2A0-4DCB-A2B7-9F7EBA60AAA4}.Debug|x64.ActiveCfg = Debug|Any CPU
		{551848A3-B2A0-4DCB-A2B7-9F7EBA60AAA4}.Debug|x64.Build.0 = Debug|Any CPU
		{551848A3-B2A0-4DCB-A2B7-9F7EBA60AAA4}.Debug|x86.ActiveCfg = Debug|Any CPU
		{551848A3-B2A0-4DCB-A2B7-9F7EBA60AAA4}.Debug|x86.Build.0 = Debug|Any CPU
		{551848A3-B2A0-4DCB-A2B7-9F7EBA60AAA4}.Release|Any CPU.ActiveCfg = Release|Any CPU
		{551848A3-B2A0-4DCB-A2B7-9F7EBA60AAA4}.Release|Any CPU.Build.0 = Release|Any CPU
		{551848A3-B2A0-4DCB-A2B7-9F7EBA60AAA4}.Release|x64.ActiveCfg = Release|Any CPU
		{551848A3-B2A0-4DCB-A2B7-9F7EBA60AAA4}.Release|x64.Build.0 = Release|Any CPU
		{551848A3-B2A0-4DCB-A2B7-9F7EBA60AAA4}.Release|x86.ActiveCfg = Release|Any CPU
		{551848A3-B2A0-4DCB-A2B7-9F7EBA60AAA4}.Release|x86.Build.0 = Release|Any CPU
		{D87BCDCE-D3FE-436B-B20A-E9EDE6862D0C}.Debug|Any CPU.ActiveCfg = Debug|Any CPU
		{D87BCDCE-D3FE-436B-B20A-E9EDE6862D0C}.Debug|Any CPU.Build.0 = Debug|Any CPU
		{D87BCDCE-D3FE-436B-B20A-E9EDE6862D0C}.Debug|x64.ActiveCfg = Debug|Any CPU
		{D87BCDCE-D3FE-436B-B20A-E9EDE6862D0C}.Debug|x64.Build.0 = Debug|Any CPU
		{D87BCDCE-D3FE-436B-B20A-E9EDE6862D0C}.Debug|x86.ActiveCfg = Debug|Any CPU
		{D87BCDCE-D3FE-436B-B20A-E9EDE6862D0C}.Debug|x86.Build.0 = Debug|Any CPU
		{D87BCDCE-D3FE-436B-B20A-E9EDE6862D0C}.Release|Any CPU.ActiveCfg = Release|Any CPU
		{D87BCDCE-D3FE-436B-B20A-E9EDE6862D0C}.Release|Any CPU.Build.0 = Release|Any CPU
		{D87BCDCE-D3FE-436B-B20A-E9EDE6862D0C}.Release|x64.ActiveCfg = Release|Any CPU
		{D87BCDCE-D3FE-436B-B20A-E9EDE6862D0C}.Release|x64.Build.0 = Release|Any CPU
		{D87BCDCE-D3FE-436B-B20A-E9EDE6862D0C}.Release|x86.ActiveCfg = Release|Any CPU
		{D87BCDCE-D3FE-436B-B20A-E9EDE6862D0C}.Release|x86.Build.0 = Release|Any CPU
		{912D01DA-A48C-4042-AB52-0813855E7851}.Debug|Any CPU.ActiveCfg = Debug|Any CPU
		{912D01DA-A48C-4042-AB52-0813855E7851}.Debug|Any CPU.Build.0 = Debug|Any CPU
		{912D01DA-A48C-4042-AB52-0813855E7851}.Debug|x64.ActiveCfg = Debug|Any CPU
		{912D01DA-A48C-4042-AB52-0813855E7851}.Debug|x64.Build.0 = Debug|Any CPU
		{912D01DA-A48C-4042-AB52-0813855E7851}.Debug|x86.ActiveCfg = Debug|Any CPU
		{912D01DA-A48C-4042-AB52-0813855E7851}.Debug|x86.Build.0 = Debug|Any CPU
		{912D01DA-A48C-4042-AB52-0813855E7851}.Release|Any CPU.ActiveCfg = Release|Any CPU
		{912D01DA-A48C-4042-AB52-0813855E7851}.Release|Any CPU.Build.0 = Release|Any CPU
		{912D01DA-A48C-4042-AB52-0813855E7851}.Release|x64.ActiveCfg = Release|Any CPU
		{912D01DA-A48C-4042-AB52-0813855E7851}.Release|x64.Build.0 = Release|Any CPU
		{912D01DA-A48C-4042-AB52-0813855E7851}.Release|x86.ActiveCfg = Release|Any CPU
		{912D01DA-A48C-4042-AB52-0813855E7851}.Release|x86.Build.0 = Release|Any CPU
		{9B2189AE-EE51-4147-A3A9-B6AF1C570B77}.Debug|Any CPU.ActiveCfg = Debug|Any CPU
		{9B2189AE-EE51-4147-A3A9-B6AF1C570B77}.Debug|Any CPU.Build.0 = Debug|Any CPU
		{9B2189AE-EE51-4147-A3A9-B6AF1C570B77}.Debug|x64.ActiveCfg = Debug|Any CPU
		{9B2189AE-EE51-4147-A3A9-B6AF1C570B77}.Debug|x64.Build.0 = Debug|Any CPU
		{9B2189AE-EE51-4147-A3A9-B6AF1C570B77}.Debug|x86.ActiveCfg = Debug|Any CPU
		{9B2189AE-EE51-4147-A3A9-B6AF1C570B77}.Debug|x86.Build.0 = Debug|Any CPU
		{9B2189AE-EE51-4147-A3A9-B6AF1C570B77}.Release|Any CPU.ActiveCfg = Release|Any CPU
		{9B2189AE-EE51-4147-A3A9-B6AF1C570B77}.Release|Any CPU.Build.0 = Release|Any CPU
		{9B2189AE-EE51-4147-A3A9-B6AF1C570B77}.Release|x64.ActiveCfg = Release|Any CPU
		{9B2189AE-EE51-4147-A3A9-B6AF1C570B77}.Release|x64.Build.0 = Release|Any CPU
		{9B2189AE-EE51-4147-A3A9-B6AF1C570B77}.Release|x86.ActiveCfg = Release|Any CPU
		{9B2189AE-EE51-4147-A3A9-B6AF1C570B77}.Release|x86.Build.0 = Release|Any CPU
		{8F73748D-9F1D-411B-8B58-31399E23AE7C}.Debug|Any CPU.ActiveCfg = Debug|Any CPU
		{8F73748D-9F1D-411B-8B58-31399E23AE7C}.Debug|Any CPU.Build.0 = Debug|Any CPU
		{8F73748D-9F1D-411B-8B58-31399E23AE7C}.Debug|x64.ActiveCfg = Debug|Any CPU
		{8F73748D-9F1D-411B-8B58-31399E23AE7C}.Debug|x64.Build.0 = Debug|Any CPU
		{8F73748D-9F1D-411B-8B58-31399E23AE7C}.Debug|x86.ActiveCfg = Debug|Any CPU
		{8F73748D-9F1D-411B-8B58-31399E23AE7C}.Debug|x86.Build.0 = Debug|Any CPU
		{8F73748D-9F1D-411B-8B58-31399E23AE7C}.Release|Any CPU.ActiveCfg = Release|Any CPU
		{8F73748D-9F1D-411B-8B58-31399E23AE7C}.Release|Any CPU.Build.0 = Release|Any CPU
		{8F73748D-9F1D-411B-8B58-31399E23AE7C}.Release|x64.ActiveCfg = Release|Any CPU
		{8F73748D-9F1D-411B-8B58-31399E23AE7C}.Release|x64.Build.0 = Release|Any CPU
		{8F73748D-9F1D-411B-8B58-31399E23AE7C}.Release|x86.ActiveCfg = Release|Any CPU
		{8F73748D-9F1D-411B-8B58-31399E23AE7C}.Release|x86.Build.0 = Release|Any CPU
		{8CBAFE14-7296-4BB3-B66B-FE0D96FCDEB5}.Debug|Any CPU.ActiveCfg = Debug|Any CPU
		{8CBAFE14-7296-4BB3-B66B-FE0D96FCDEB5}.Debug|Any CPU.Build.0 = Debug|Any CPU
		{8CBAFE14-7296-4BB3-B66B-FE0D96FCDEB5}.Debug|x64.ActiveCfg = Debug|Any CPU
		{8CBAFE14-7296-4BB3-B66B-FE0D96FCDEB5}.Debug|x64.Build.0 = Debug|Any CPU
		{8CBAFE14-7296-4BB3-B66B-FE0D96FCDEB5}.Debug|x86.ActiveCfg = Debug|Any CPU
		{8CBAFE14-7296-4BB3-B66B-FE0D96FCDEB5}.Debug|x86.Build.0 = Debug|Any CPU
		{8CBAFE14-7296-4BB3-B66B-FE0D96FCDEB5}.Release|Any CPU.ActiveCfg = Release|Any CPU
		{8CBAFE14-7296-4BB3-B66B-FE0D96FCDEB5}.Release|Any CPU.Build.0 = Release|Any CPU
		{8CBAFE14-7296-4BB3-B66B-FE0D96FCDEB5}.Release|x64.ActiveCfg = Release|Any CPU
		{8CBAFE14-7296-4BB3-B66B-FE0D96FCDEB5}.Release|x64.Build.0 = Release|Any CPU
		{8CBAFE14-7296-4BB3-B66B-FE0D96FCDEB5}.Release|x86.ActiveCfg = Release|Any CPU
		{8CBAFE14-7296-4BB3-B66B-FE0D96FCDEB5}.Release|x86.Build.0 = Release|Any CPU
		{368E0660-CC0E-4276-9276-79C5228E7DFB}.Debug|Any CPU.ActiveCfg = Debug|Any CPU
		{368E0660-CC0E-4276-9276-79C5228E7DFB}.Debug|Any CPU.Build.0 = Debug|Any CPU
		{368E0660-CC0E-4276-9276-79C5228E7DFB}.Debug|x64.ActiveCfg = Debug|Any CPU
		{368E0660-CC0E-4276-9276-79C5228E7DFB}.Debug|x64.Build.0 = Debug|Any CPU
		{368E0660-CC0E-4276-9276-79C5228E7DFB}.Debug|x86.ActiveCfg = Debug|Any CPU
		{368E0660-CC0E-4276-9276-79C5228E7DFB}.Debug|x86.Build.0 = Debug|Any CPU
		{368E0660-CC0E-4276-9276-79C5228E7DFB}.Release|Any CPU.ActiveCfg = Release|Any CPU
		{368E0660-CC0E-4276-9276-79C5228E7DFB}.Release|Any CPU.Build.0 = Release|Any CPU
		{368E0660-CC0E-4276-9276-79C5228E7DFB}.Release|x64.ActiveCfg = Release|Any CPU
		{368E0660-CC0E-4276-9276-79C5228E7DFB}.Release|x64.Build.0 = Release|Any CPU
		{368E0660-CC0E-4276-9276-79C5228E7DFB}.Release|x86.ActiveCfg = Release|Any CPU
		{368E0660-CC0E-4276-9276-79C5228E7DFB}.Release|x86.Build.0 = Release|Any CPU
		{6CD00307-6D3A-4B05-8801-8B943190AF6D}.Debug|Any CPU.ActiveCfg = Debug|Any CPU
		{6CD00307-6D3A-4B05-8801-8B943190AF6D}.Debug|Any CPU.Build.0 = Debug|Any CPU
		{6CD00307-6D3A-4B05-8801-8B943190AF6D}.Debug|x64.ActiveCfg = Debug|Any CPU
		{6CD00307-6D3A-4B05-8801-8B943190AF6D}.Debug|x64.Build.0 = Debug|Any CPU
		{6CD00307-6D3A-4B05-8801-8B943190AF6D}.Debug|x86.ActiveCfg = Debug|Any CPU
		{6CD00307-6D3A-4B05-8801-8B943190AF6D}.Debug|x86.Build.0 = Debug|Any CPU
		{6CD00307-6D3A-4B05-8801-8B943190AF6D}.Release|Any CPU.ActiveCfg = Release|Any CPU
		{6CD00307-6D3A-4B05-8801-8B943190AF6D}.Release|Any CPU.Build.0 = Release|Any CPU
		{6CD00307-6D3A-4B05-8801-8B943190AF6D}.Release|x64.ActiveCfg = Release|Any CPU
		{6CD00307-6D3A-4B05-8801-8B943190AF6D}.Release|x64.Build.0 = Release|Any CPU
		{6CD00307-6D3A-4B05-8801-8B943190AF6D}.Release|x86.ActiveCfg = Release|Any CPU
		{6CD00307-6D3A-4B05-8801-8B943190AF6D}.Release|x86.Build.0 = Release|Any CPU
		{9794181A-04BF-4A74-86FF-EC65A78D365B}.Debug|Any CPU.ActiveCfg = Debug|Any CPU
		{9794181A-04BF-4A74-86FF-EC65A78D365B}.Debug|Any CPU.Build.0 = Debug|Any CPU
		{9794181A-04BF-4A74-86FF-EC65A78D365B}.Debug|x64.ActiveCfg = Debug|Any CPU
		{9794181A-04BF-4A74-86FF-EC65A78D365B}.Debug|x64.Build.0 = Debug|Any CPU
		{9794181A-04BF-4A74-86FF-EC65A78D365B}.Debug|x86.ActiveCfg = Debug|Any CPU
		{9794181A-04BF-4A74-86FF-EC65A78D365B}.Debug|x86.Build.0 = Debug|Any CPU
		{9794181A-04BF-4A74-86FF-EC65A78D365B}.Release|Any CPU.ActiveCfg = Release|Any CPU
		{9794181A-04BF-4A74-86FF-EC65A78D365B}.Release|Any CPU.Build.0 = Release|Any CPU
		{9794181A-04BF-4A74-86FF-EC65A78D365B}.Release|x64.ActiveCfg = Release|Any CPU
		{9794181A-04BF-4A74-86FF-EC65A78D365B}.Release|x64.Build.0 = Release|Any CPU
		{9794181A-04BF-4A74-86FF-EC65A78D365B}.Release|x86.ActiveCfg = Release|Any CPU
		{9794181A-04BF-4A74-86FF-EC65A78D365B}.Release|x86.Build.0 = Release|Any CPU
		{CD909CBD-DE5D-46F1-992B-F02430BBDA27}.Debug|Any CPU.ActiveCfg = Debug|Any CPU
		{CD909CBD-DE5D-46F1-992B-F02430BBDA27}.Debug|Any CPU.Build.0 = Debug|Any CPU
		{CD909CBD-DE5D-46F1-992B-F02430BBDA27}.Debug|x64.ActiveCfg = Debug|Any CPU
		{CD909CBD-DE5D-46F1-992B-F02430BBDA27}.Debug|x64.Build.0 = Debug|Any CPU
		{CD909CBD-DE5D-46F1-992B-F02430BBDA27}.Debug|x86.ActiveCfg = Debug|Any CPU
		{CD909CBD-DE5D-46F1-992B-F02430BBDA27}.Debug|x86.Build.0 = Debug|Any CPU
		{CD909CBD-DE5D-46F1-992B-F02430BBDA27}.Release|Any CPU.ActiveCfg = Release|Any CPU
		{CD909CBD-DE5D-46F1-992B-F02430BBDA27}.Release|Any CPU.Build.0 = Release|Any CPU
		{CD909CBD-DE5D-46F1-992B-F02430BBDA27}.Release|x64.ActiveCfg = Release|Any CPU
		{CD909CBD-DE5D-46F1-992B-F02430BBDA27}.Release|x64.Build.0 = Release|Any CPU
		{CD909CBD-DE5D-46F1-992B-F02430BBDA27}.Release|x86.ActiveCfg = Release|Any CPU
		{CD909CBD-DE5D-46F1-992B-F02430BBDA27}.Release|x86.Build.0 = Release|Any CPU
		{3830DB61-C9B7-474F-8BD0-0391F195E5B9}.Debug|Any CPU.ActiveCfg = Debug|Any CPU
		{3830DB61-C9B7-474F-8BD0-0391F195E5B9}.Debug|Any CPU.Build.0 = Debug|Any CPU
		{3830DB61-C9B7-474F-8BD0-0391F195E5B9}.Debug|x64.ActiveCfg = Debug|Any CPU
		{3830DB61-C9B7-474F-8BD0-0391F195E5B9}.Debug|x64.Build.0 = Debug|Any CPU
		{3830DB61-C9B7-474F-8BD0-0391F195E5B9}.Debug|x86.ActiveCfg = Debug|Any CPU
		{3830DB61-C9B7-474F-8BD0-0391F195E5B9}.Debug|x86.Build.0 = Debug|Any CPU
		{3830DB61-C9B7-474F-8BD0-0391F195E5B9}.Release|Any CPU.ActiveCfg = Release|Any CPU
		{3830DB61-C9B7-474F-8BD0-0391F195E5B9}.Release|Any CPU.Build.0 = Release|Any CPU
		{3830DB61-C9B7-474F-8BD0-0391F195E5B9}.Release|x64.ActiveCfg = Release|Any CPU
		{3830DB61-C9B7-474F-8BD0-0391F195E5B9}.Release|x64.Build.0 = Release|Any CPU
		{3830DB61-C9B7-474F-8BD0-0391F195E5B9}.Release|x86.ActiveCfg = Release|Any CPU
		{3830DB61-C9B7-474F-8BD0-0391F195E5B9}.Release|x86.Build.0 = Release|Any CPU
		{95184689-B267-4047-8F01-0967993C528C}.Debug|Any CPU.ActiveCfg = Debug|Any CPU
		{95184689-B267-4047-8F01-0967993C528C}.Debug|Any CPU.Build.0 = Debug|Any CPU
		{95184689-B267-4047-8F01-0967993C528C}.Debug|x64.ActiveCfg = Debug|Any CPU
		{95184689-B267-4047-8F01-0967993C528C}.Debug|x64.Build.0 = Debug|Any CPU
		{95184689-B267-4047-8F01-0967993C528C}.Debug|x86.ActiveCfg = Debug|Any CPU
		{95184689-B267-4047-8F01-0967993C528C}.Debug|x86.Build.0 = Debug|Any CPU
		{95184689-B267-4047-8F01-0967993C528C}.Release|Any CPU.ActiveCfg = Release|Any CPU
		{95184689-B267-4047-8F01-0967993C528C}.Release|Any CPU.Build.0 = Release|Any CPU
		{95184689-B267-4047-8F01-0967993C528C}.Release|x64.ActiveCfg = Release|Any CPU
		{95184689-B267-4047-8F01-0967993C528C}.Release|x64.Build.0 = Release|Any CPU
		{95184689-B267-4047-8F01-0967993C528C}.Release|x86.ActiveCfg = Release|Any CPU
		{95184689-B267-4047-8F01-0967993C528C}.Release|x86.Build.0 = Release|Any CPU
		{331A1E10-DBB6-4595-85C8-F5B8A40BC4C6}.Debug|Any CPU.ActiveCfg = Debug|Any CPU
		{331A1E10-DBB6-4595-85C8-F5B8A40BC4C6}.Debug|Any CPU.Build.0 = Debug|Any CPU
		{331A1E10-DBB6-4595-85C8-F5B8A40BC4C6}.Debug|x64.ActiveCfg = Debug|Any CPU
		{331A1E10-DBB6-4595-85C8-F5B8A40BC4C6}.Debug|x64.Build.0 = Debug|Any CPU
		{331A1E10-DBB6-4595-85C8-F5B8A40BC4C6}.Debug|x86.ActiveCfg = Debug|Any CPU
		{331A1E10-DBB6-4595-85C8-F5B8A40BC4C6}.Debug|x86.Build.0 = Debug|Any CPU
		{331A1E10-DBB6-4595-85C8-F5B8A40BC4C6}.Release|Any CPU.ActiveCfg = Release|Any CPU
		{331A1E10-DBB6-4595-85C8-F5B8A40BC4C6}.Release|Any CPU.Build.0 = Release|Any CPU
		{331A1E10-DBB6-4595-85C8-F5B8A40BC4C6}.Release|x64.ActiveCfg = Release|Any CPU
		{331A1E10-DBB6-4595-85C8-F5B8A40BC4C6}.Release|x64.Build.0 = Release|Any CPU
		{331A1E10-DBB6-4595-85C8-F5B8A40BC4C6}.Release|x86.ActiveCfg = Release|Any CPU
		{331A1E10-DBB6-4595-85C8-F5B8A40BC4C6}.Release|x86.Build.0 = Release|Any CPU
		{3D99C001-C1E8-4DBA-8A91-716D4CA6029B}.Debug|Any CPU.ActiveCfg = Debug|Any CPU
		{3D99C001-C1E8-4DBA-8A91-716D4CA6029B}.Debug|Any CPU.Build.0 = Debug|Any CPU
		{3D99C001-C1E8-4DBA-8A91-716D4CA6029B}.Debug|x64.ActiveCfg = Debug|Any CPU
		{3D99C001-C1E8-4DBA-8A91-716D4CA6029B}.Debug|x64.Build.0 = Debug|Any CPU
		{3D99C001-C1E8-4DBA-8A91-716D4CA6029B}.Debug|x86.ActiveCfg = Debug|Any CPU
		{3D99C001-C1E8-4DBA-8A91-716D4CA6029B}.Debug|x86.Build.0 = Debug|Any CPU
		{3D99C001-C1E8-4DBA-8A91-716D4CA6029B}.Release|Any CPU.ActiveCfg = Release|Any CPU
		{3D99C001-C1E8-4DBA-8A91-716D4CA6029B}.Release|Any CPU.Build.0 = Release|Any CPU
		{3D99C001-C1E8-4DBA-8A91-716D4CA6029B}.Release|x64.ActiveCfg = Release|Any CPU
		{3D99C001-C1E8-4DBA-8A91-716D4CA6029B}.Release|x64.Build.0 = Release|Any CPU
		{3D99C001-C1E8-4DBA-8A91-716D4CA6029B}.Release|x86.ActiveCfg = Release|Any CPU
		{3D99C001-C1E8-4DBA-8A91-716D4CA6029B}.Release|x86.Build.0 = Release|Any CPU
		{5626B2D8-316B-487F-93D3-B6CE14A7E064}.Debug|Any CPU.ActiveCfg = Debug|Any CPU
		{5626B2D8-316B-487F-93D3-B6CE14A7E064}.Debug|Any CPU.Build.0 = Debug|Any CPU
		{5626B2D8-316B-487F-93D3-B6CE14A7E064}.Debug|x64.ActiveCfg = Debug|Any CPU
		{5626B2D8-316B-487F-93D3-B6CE14A7E064}.Debug|x64.Build.0 = Debug|Any CPU
		{5626B2D8-316B-487F-93D3-B6CE14A7E064}.Debug|x86.ActiveCfg = Debug|Any CPU
		{5626B2D8-316B-487F-93D3-B6CE14A7E064}.Debug|x86.Build.0 = Debug|Any CPU
		{5626B2D8-316B-487F-93D3-B6CE14A7E064}.Release|Any CPU.ActiveCfg = Release|Any CPU
		{5626B2D8-316B-487F-93D3-B6CE14A7E064}.Release|Any CPU.Build.0 = Release|Any CPU
		{5626B2D8-316B-487F-93D3-B6CE14A7E064}.Release|x64.ActiveCfg = Release|Any CPU
		{5626B2D8-316B-487F-93D3-B6CE14A7E064}.Release|x64.Build.0 = Release|Any CPU
		{5626B2D8-316B-487F-93D3-B6CE14A7E064}.Release|x86.ActiveCfg = Release|Any CPU
		{5626B2D8-316B-487F-93D3-B6CE14A7E064}.Release|x86.Build.0 = Release|Any CPU
		{54266533-3B15-44AE-9592-DC74BD2C2725}.Debug|Any CPU.ActiveCfg = Debug|Any CPU
		{54266533-3B15-44AE-9592-DC74BD2C2725}.Debug|Any CPU.Build.0 = Debug|Any CPU
		{54266533-3B15-44AE-9592-DC74BD2C2725}.Debug|x64.ActiveCfg = Debug|Any CPU
		{54266533-3B15-44AE-9592-DC74BD2C2725}.Debug|x64.Build.0 = Debug|Any CPU
		{54266533-3B15-44AE-9592-DC74BD2C2725}.Debug|x86.ActiveCfg = Debug|Any CPU
		{54266533-3B15-44AE-9592-DC74BD2C2725}.Debug|x86.Build.0 = Debug|Any CPU
		{54266533-3B15-44AE-9592-DC74BD2C2725}.Release|Any CPU.ActiveCfg = Release|Any CPU
		{54266533-3B15-44AE-9592-DC74BD2C2725}.Release|Any CPU.Build.0 = Release|Any CPU
		{54266533-3B15-44AE-9592-DC74BD2C2725}.Release|x64.ActiveCfg = Release|Any CPU
		{54266533-3B15-44AE-9592-DC74BD2C2725}.Release|x64.Build.0 = Release|Any CPU
		{54266533-3B15-44AE-9592-DC74BD2C2725}.Release|x86.ActiveCfg = Release|Any CPU
		{54266533-3B15-44AE-9592-DC74BD2C2725}.Release|x86.Build.0 = Release|Any CPU
		{0189CF66-8122-4318-ACEA-FF5ADE25435C}.Debug|Any CPU.ActiveCfg = Debug|Any CPU
		{0189CF66-8122-4318-ACEA-FF5ADE25435C}.Debug|Any CPU.Build.0 = Debug|Any CPU
		{0189CF66-8122-4318-ACEA-FF5ADE25435C}.Debug|x64.ActiveCfg = Debug|Any CPU
		{0189CF66-8122-4318-ACEA-FF5ADE25435C}.Debug|x64.Build.0 = Debug|Any CPU
		{0189CF66-8122-4318-ACEA-FF5ADE25435C}.Debug|x86.ActiveCfg = Debug|Any CPU
		{0189CF66-8122-4318-ACEA-FF5ADE25435C}.Debug|x86.Build.0 = Debug|Any CPU
		{0189CF66-8122-4318-ACEA-FF5ADE25435C}.Release|Any CPU.ActiveCfg = Release|Any CPU
		{0189CF66-8122-4318-ACEA-FF5ADE25435C}.Release|Any CPU.Build.0 = Release|Any CPU
		{0189CF66-8122-4318-ACEA-FF5ADE25435C}.Release|x64.ActiveCfg = Release|Any CPU
		{0189CF66-8122-4318-ACEA-FF5ADE25435C}.Release|x64.Build.0 = Release|Any CPU
		{0189CF66-8122-4318-ACEA-FF5ADE25435C}.Release|x86.ActiveCfg = Release|Any CPU
		{0189CF66-8122-4318-ACEA-FF5ADE25435C}.Release|x86.Build.0 = Release|Any CPU
		{86187B25-D193-4018-ABA9-404856827889}.Debug|Any CPU.ActiveCfg = Debug|Any CPU
		{86187B25-D193-4018-ABA9-404856827889}.Debug|Any CPU.Build.0 = Debug|Any CPU
		{86187B25-D193-4018-ABA9-404856827889}.Debug|x64.ActiveCfg = Debug|Any CPU
		{86187B25-D193-4018-ABA9-404856827889}.Debug|x64.Build.0 = Debug|Any CPU
		{86187B25-D193-4018-ABA9-404856827889}.Debug|x86.ActiveCfg = Debug|Any CPU
		{86187B25-D193-4018-ABA9-404856827889}.Debug|x86.Build.0 = Debug|Any CPU
		{86187B25-D193-4018-ABA9-404856827889}.Release|Any CPU.ActiveCfg = Release|Any CPU
		{86187B25-D193-4018-ABA9-404856827889}.Release|Any CPU.Build.0 = Release|Any CPU
		{86187B25-D193-4018-ABA9-404856827889}.Release|x64.ActiveCfg = Release|Any CPU
		{86187B25-D193-4018-ABA9-404856827889}.Release|x64.Build.0 = Release|Any CPU
		{86187B25-D193-4018-ABA9-404856827889}.Release|x86.ActiveCfg = Release|Any CPU
		{86187B25-D193-4018-ABA9-404856827889}.Release|x86.Build.0 = Release|Any CPU
		{F919C20A-1C10-4FD0-B896-A652A860A1AA}.Debug|Any CPU.ActiveCfg = Debug|Any CPU
		{F919C20A-1C10-4FD0-B896-A652A860A1AA}.Debug|Any CPU.Build.0 = Debug|Any CPU
		{F919C20A-1C10-4FD0-B896-A652A860A1AA}.Debug|x64.ActiveCfg = Debug|Any CPU
		{F919C20A-1C10-4FD0-B896-A652A860A1AA}.Debug|x64.Build.0 = Debug|Any CPU
		{F919C20A-1C10-4FD0-B896-A652A860A1AA}.Debug|x86.ActiveCfg = Debug|Any CPU
		{F919C20A-1C10-4FD0-B896-A652A860A1AA}.Debug|x86.Build.0 = Debug|Any CPU
		{F919C20A-1C10-4FD0-B896-A652A860A1AA}.Release|Any CPU.ActiveCfg = Release|Any CPU
		{F919C20A-1C10-4FD0-B896-A652A860A1AA}.Release|Any CPU.Build.0 = Release|Any CPU
		{F919C20A-1C10-4FD0-B896-A652A860A1AA}.Release|x64.ActiveCfg = Release|Any CPU
		{F919C20A-1C10-4FD0-B896-A652A860A1AA}.Release|x64.Build.0 = Release|Any CPU
		{F919C20A-1C10-4FD0-B896-A652A860A1AA}.Release|x86.ActiveCfg = Release|Any CPU
		{F919C20A-1C10-4FD0-B896-A652A860A1AA}.Release|x86.Build.0 = Release|Any CPU
		{39963D32-B339-42EC-9EED-0BE2076339B0}.Debug|Any CPU.ActiveCfg = Debug|Any CPU
		{39963D32-B339-42EC-9EED-0BE2076339B0}.Debug|Any CPU.Build.0 = Debug|Any CPU
		{39963D32-B339-42EC-9EED-0BE2076339B0}.Debug|x64.ActiveCfg = Debug|Any CPU
		{39963D32-B339-42EC-9EED-0BE2076339B0}.Debug|x64.Build.0 = Debug|Any CPU
		{39963D32-B339-42EC-9EED-0BE2076339B0}.Debug|x86.ActiveCfg = Debug|Any CPU
		{39963D32-B339-42EC-9EED-0BE2076339B0}.Debug|x86.Build.0 = Debug|Any CPU
		{39963D32-B339-42EC-9EED-0BE2076339B0}.Release|Any CPU.ActiveCfg = Release|Any CPU
		{39963D32-B339-42EC-9EED-0BE2076339B0}.Release|Any CPU.Build.0 = Release|Any CPU
		{39963D32-B339-42EC-9EED-0BE2076339B0}.Release|x64.ActiveCfg = Release|Any CPU
		{39963D32-B339-42EC-9EED-0BE2076339B0}.Release|x64.Build.0 = Release|Any CPU
		{39963D32-B339-42EC-9EED-0BE2076339B0}.Release|x86.ActiveCfg = Release|Any CPU
		{39963D32-B339-42EC-9EED-0BE2076339B0}.Release|x86.Build.0 = Release|Any CPU
		{C6F3C84E-E7DC-4CF6-BAF7-91C049054FF5}.Debug|Any CPU.ActiveCfg = Debug|Any CPU
		{C6F3C84E-E7DC-4CF6-BAF7-91C049054FF5}.Debug|Any CPU.Build.0 = Debug|Any CPU
		{C6F3C84E-E7DC-4CF6-BAF7-91C049054FF5}.Debug|x64.ActiveCfg = Debug|Any CPU
		{C6F3C84E-E7DC-4CF6-BAF7-91C049054FF5}.Debug|x64.Build.0 = Debug|Any CPU
		{C6F3C84E-E7DC-4CF6-BAF7-91C049054FF5}.Debug|x86.ActiveCfg = Debug|Any CPU
		{C6F3C84E-E7DC-4CF6-BAF7-91C049054FF5}.Debug|x86.Build.0 = Debug|Any CPU
		{C6F3C84E-E7DC-4CF6-BAF7-91C049054FF5}.Release|Any CPU.ActiveCfg = Release|Any CPU
		{C6F3C84E-E7DC-4CF6-BAF7-91C049054FF5}.Release|Any CPU.Build.0 = Release|Any CPU
		{C6F3C84E-E7DC-4CF6-BAF7-91C049054FF5}.Release|x64.ActiveCfg = Release|Any CPU
		{C6F3C84E-E7DC-4CF6-BAF7-91C049054FF5}.Release|x64.Build.0 = Release|Any CPU
		{C6F3C84E-E7DC-4CF6-BAF7-91C049054FF5}.Release|x86.ActiveCfg = Release|Any CPU
		{C6F3C84E-E7DC-4CF6-BAF7-91C049054FF5}.Release|x86.Build.0 = Release|Any CPU
		{DBFF0306-B608-4235-9900-721180E0B92D}.Debug|Any CPU.ActiveCfg = Debug|Any CPU
		{DBFF0306-B608-4235-9900-721180E0B92D}.Debug|Any CPU.Build.0 = Debug|Any CPU
		{DBFF0306-B608-4235-9900-721180E0B92D}.Debug|x64.ActiveCfg = Debug|Any CPU
		{DBFF0306-B608-4235-9900-721180E0B92D}.Debug|x64.Build.0 = Debug|Any CPU
		{DBFF0306-B608-4235-9900-721180E0B92D}.Debug|x86.ActiveCfg = Debug|Any CPU
		{DBFF0306-B608-4235-9900-721180E0B92D}.Debug|x86.Build.0 = Debug|Any CPU
		{DBFF0306-B608-4235-9900-721180E0B92D}.Release|Any CPU.ActiveCfg = Release|Any CPU
		{DBFF0306-B608-4235-9900-721180E0B92D}.Release|Any CPU.Build.0 = Release|Any CPU
		{DBFF0306-B608-4235-9900-721180E0B92D}.Release|x64.ActiveCfg = Release|Any CPU
		{DBFF0306-B608-4235-9900-721180E0B92D}.Release|x64.Build.0 = Release|Any CPU
		{DBFF0306-B608-4235-9900-721180E0B92D}.Release|x86.ActiveCfg = Release|Any CPU
		{DBFF0306-B608-4235-9900-721180E0B92D}.Release|x86.Build.0 = Release|Any CPU
		{F2CF5EF3-EA45-4BF1-8053-B9B8918A2D53}.Debug|Any CPU.ActiveCfg = Debug|Any CPU
		{F2CF5EF3-EA45-4BF1-8053-B9B8918A2D53}.Debug|Any CPU.Build.0 = Debug|Any CPU
		{F2CF5EF3-EA45-4BF1-8053-B9B8918A2D53}.Debug|x64.ActiveCfg = Debug|Any CPU
		{F2CF5EF3-EA45-4BF1-8053-B9B8918A2D53}.Debug|x64.Build.0 = Debug|Any CPU
		{F2CF5EF3-EA45-4BF1-8053-B9B8918A2D53}.Debug|x86.ActiveCfg = Debug|Any CPU
		{F2CF5EF3-EA45-4BF1-8053-B9B8918A2D53}.Debug|x86.Build.0 = Debug|Any CPU
		{F2CF5EF3-EA45-4BF1-8053-B9B8918A2D53}.Release|Any CPU.ActiveCfg = Release|Any CPU
		{F2CF5EF3-EA45-4BF1-8053-B9B8918A2D53}.Release|Any CPU.Build.0 = Release|Any CPU
		{F2CF5EF3-EA45-4BF1-8053-B9B8918A2D53}.Release|x64.ActiveCfg = Release|Any CPU
		{F2CF5EF3-EA45-4BF1-8053-B9B8918A2D53}.Release|x64.Build.0 = Release|Any CPU
		{F2CF5EF3-EA45-4BF1-8053-B9B8918A2D53}.Release|x86.ActiveCfg = Release|Any CPU
		{F2CF5EF3-EA45-4BF1-8053-B9B8918A2D53}.Release|x86.Build.0 = Release|Any CPU
		{F473557A-2B39-4C69-AA88-C8406D0EA9A8}.Debug|Any CPU.ActiveCfg = Debug|Any CPU
		{F473557A-2B39-4C69-AA88-C8406D0EA9A8}.Debug|Any CPU.Build.0 = Debug|Any CPU
		{F473557A-2B39-4C69-AA88-C8406D0EA9A8}.Debug|x64.ActiveCfg = Debug|Any CPU
		{F473557A-2B39-4C69-AA88-C8406D0EA9A8}.Debug|x64.Build.0 = Debug|Any CPU
		{F473557A-2B39-4C69-AA88-C8406D0EA9A8}.Debug|x86.ActiveCfg = Debug|Any CPU
		{F473557A-2B39-4C69-AA88-C8406D0EA9A8}.Debug|x86.Build.0 = Debug|Any CPU
		{F473557A-2B39-4C69-AA88-C8406D0EA9A8}.Release|Any CPU.ActiveCfg = Release|Any CPU
		{F473557A-2B39-4C69-AA88-C8406D0EA9A8}.Release|Any CPU.Build.0 = Release|Any CPU
		{F473557A-2B39-4C69-AA88-C8406D0EA9A8}.Release|x64.ActiveCfg = Release|Any CPU
		{F473557A-2B39-4C69-AA88-C8406D0EA9A8}.Release|x64.Build.0 = Release|Any CPU
		{F473557A-2B39-4C69-AA88-C8406D0EA9A8}.Release|x86.ActiveCfg = Release|Any CPU
		{F473557A-2B39-4C69-AA88-C8406D0EA9A8}.Release|x86.Build.0 = Release|Any CPU
		{1F7BFE3C-E6ED-4050-AE86-7181D6832C1B}.Debug|Any CPU.ActiveCfg = Debug|Any CPU
		{1F7BFE3C-E6ED-4050-AE86-7181D6832C1B}.Debug|Any CPU.Build.0 = Debug|Any CPU
		{1F7BFE3C-E6ED-4050-AE86-7181D6832C1B}.Debug|x64.ActiveCfg = Debug|Any CPU
		{1F7BFE3C-E6ED-4050-AE86-7181D6832C1B}.Debug|x64.Build.0 = Debug|Any CPU
		{1F7BFE3C-E6ED-4050-AE86-7181D6832C1B}.Debug|x86.ActiveCfg = Debug|Any CPU
		{1F7BFE3C-E6ED-4050-AE86-7181D6832C1B}.Debug|x86.Build.0 = Debug|Any CPU
		{1F7BFE3C-E6ED-4050-AE86-7181D6832C1B}.Release|Any CPU.ActiveCfg = Release|Any CPU
		{1F7BFE3C-E6ED-4050-AE86-7181D6832C1B}.Release|Any CPU.Build.0 = Release|Any CPU
		{1F7BFE3C-E6ED-4050-AE86-7181D6832C1B}.Release|x64.ActiveCfg = Release|Any CPU
		{1F7BFE3C-E6ED-4050-AE86-7181D6832C1B}.Release|x64.Build.0 = Release|Any CPU
		{1F7BFE3C-E6ED-4050-AE86-7181D6832C1B}.Release|x86.ActiveCfg = Release|Any CPU
		{1F7BFE3C-E6ED-4050-AE86-7181D6832C1B}.Release|x86.Build.0 = Release|Any CPU
		{635B373B-754F-4402-8895-644414EDE5F4}.Debug|Any CPU.ActiveCfg = Debug|Any CPU
		{635B373B-754F-4402-8895-644414EDE5F4}.Debug|Any CPU.Build.0 = Debug|Any CPU
		{635B373B-754F-4402-8895-644414EDE5F4}.Debug|x64.ActiveCfg = Debug|Any CPU
		{635B373B-754F-4402-8895-644414EDE5F4}.Debug|x64.Build.0 = Debug|Any CPU
		{635B373B-754F-4402-8895-644414EDE5F4}.Debug|x86.ActiveCfg = Debug|Any CPU
		{635B373B-754F-4402-8895-644414EDE5F4}.Debug|x86.Build.0 = Debug|Any CPU
		{635B373B-754F-4402-8895-644414EDE5F4}.Release|Any CPU.ActiveCfg = Release|Any CPU
		{635B373B-754F-4402-8895-644414EDE5F4}.Release|Any CPU.Build.0 = Release|Any CPU
		{635B373B-754F-4402-8895-644414EDE5F4}.Release|x64.ActiveCfg = Release|Any CPU
		{635B373B-754F-4402-8895-644414EDE5F4}.Release|x64.Build.0 = Release|Any CPU
		{635B373B-754F-4402-8895-644414EDE5F4}.Release|x86.ActiveCfg = Release|Any CPU
		{635B373B-754F-4402-8895-644414EDE5F4}.Release|x86.Build.0 = Release|Any CPU
		{1E24E5D5-F0C7-4182-8090-86B29E3E582C}.Debug|Any CPU.ActiveCfg = Debug|Any CPU
		{1E24E5D5-F0C7-4182-8090-86B29E3E582C}.Debug|Any CPU.Build.0 = Debug|Any CPU
		{1E24E5D5-F0C7-4182-8090-86B29E3E582C}.Debug|x64.ActiveCfg = Debug|Any CPU
		{1E24E5D5-F0C7-4182-8090-86B29E3E582C}.Debug|x64.Build.0 = Debug|Any CPU
		{1E24E5D5-F0C7-4182-8090-86B29E3E582C}.Debug|x86.ActiveCfg = Debug|Any CPU
		{1E24E5D5-F0C7-4182-8090-86B29E3E582C}.Debug|x86.Build.0 = Debug|Any CPU
		{1E24E5D5-F0C7-4182-8090-86B29E3E582C}.Release|Any CPU.ActiveCfg = Release|Any CPU
		{1E24E5D5-F0C7-4182-8090-86B29E3E582C}.Release|Any CPU.Build.0 = Release|Any CPU
		{1E24E5D5-F0C7-4182-8090-86B29E3E582C}.Release|x64.ActiveCfg = Release|Any CPU
		{1E24E5D5-F0C7-4182-8090-86B29E3E582C}.Release|x64.Build.0 = Release|Any CPU
		{1E24E5D5-F0C7-4182-8090-86B29E3E582C}.Release|x86.ActiveCfg = Release|Any CPU
		{1E24E5D5-F0C7-4182-8090-86B29E3E582C}.Release|x86.Build.0 = Release|Any CPU
		{33873608-F509-4F4A-8B7B-3E1D6A97E464}.Debug|Any CPU.ActiveCfg = Debug|Any CPU
		{33873608-F509-4F4A-8B7B-3E1D6A97E464}.Debug|Any CPU.Build.0 = Debug|Any CPU
		{33873608-F509-4F4A-8B7B-3E1D6A97E464}.Debug|x64.ActiveCfg = Debug|Any CPU
		{33873608-F509-4F4A-8B7B-3E1D6A97E464}.Debug|x64.Build.0 = Debug|Any CPU
		{33873608-F509-4F4A-8B7B-3E1D6A97E464}.Debug|x86.ActiveCfg = Debug|Any CPU
		{33873608-F509-4F4A-8B7B-3E1D6A97E464}.Debug|x86.Build.0 = Debug|Any CPU
		{33873608-F509-4F4A-8B7B-3E1D6A97E464}.Release|Any CPU.ActiveCfg = Release|Any CPU
		{33873608-F509-4F4A-8B7B-3E1D6A97E464}.Release|Any CPU.Build.0 = Release|Any CPU
		{33873608-F509-4F4A-8B7B-3E1D6A97E464}.Release|x64.ActiveCfg = Release|Any CPU
		{33873608-F509-4F4A-8B7B-3E1D6A97E464}.Release|x64.Build.0 = Release|Any CPU
		{33873608-F509-4F4A-8B7B-3E1D6A97E464}.Release|x86.ActiveCfg = Release|Any CPU
		{33873608-F509-4F4A-8B7B-3E1D6A97E464}.Release|x86.Build.0 = Release|Any CPU
		{0A8DE9DD-0D5A-4C90-97D3-0EA82B4A2824}.Debug|Any CPU.ActiveCfg = Debug|Any CPU
		{0A8DE9DD-0D5A-4C90-97D3-0EA82B4A2824}.Debug|Any CPU.Build.0 = Debug|Any CPU
		{0A8DE9DD-0D5A-4C90-97D3-0EA82B4A2824}.Debug|x64.ActiveCfg = Debug|Any CPU
		{0A8DE9DD-0D5A-4C90-97D3-0EA82B4A2824}.Debug|x64.Build.0 = Debug|Any CPU
		{0A8DE9DD-0D5A-4C90-97D3-0EA82B4A2824}.Debug|x86.ActiveCfg = Debug|Any CPU
		{0A8DE9DD-0D5A-4C90-97D3-0EA82B4A2824}.Debug|x86.Build.0 = Debug|Any CPU
		{0A8DE9DD-0D5A-4C90-97D3-0EA82B4A2824}.Release|Any CPU.ActiveCfg = Release|Any CPU
		{0A8DE9DD-0D5A-4C90-97D3-0EA82B4A2824}.Release|Any CPU.Build.0 = Release|Any CPU
		{0A8DE9DD-0D5A-4C90-97D3-0EA82B4A2824}.Release|x64.ActiveCfg = Release|Any CPU
		{0A8DE9DD-0D5A-4C90-97D3-0EA82B4A2824}.Release|x64.Build.0 = Release|Any CPU
		{0A8DE9DD-0D5A-4C90-97D3-0EA82B4A2824}.Release|x86.ActiveCfg = Release|Any CPU
		{0A8DE9DD-0D5A-4C90-97D3-0EA82B4A2824}.Release|x86.Build.0 = Release|Any CPU
		{636A25C2-A452-4902-B99D-E2C1773AD8B4}.Debug|Any CPU.ActiveCfg = Debug|Any CPU
		{636A25C2-A452-4902-B99D-E2C1773AD8B4}.Debug|Any CPU.Build.0 = Debug|Any CPU
		{636A25C2-A452-4902-B99D-E2C1773AD8B4}.Debug|x64.ActiveCfg = Debug|Any CPU
		{636A25C2-A452-4902-B99D-E2C1773AD8B4}.Debug|x64.Build.0 = Debug|Any CPU
		{636A25C2-A452-4902-B99D-E2C1773AD8B4}.Debug|x86.ActiveCfg = Debug|Any CPU
		{636A25C2-A452-4902-B99D-E2C1773AD8B4}.Debug|x86.Build.0 = Debug|Any CPU
		{636A25C2-A452-4902-B99D-E2C1773AD8B4}.Release|Any CPU.ActiveCfg = Release|Any CPU
		{636A25C2-A452-4902-B99D-E2C1773AD8B4}.Release|Any CPU.Build.0 = Release|Any CPU
		{636A25C2-A452-4902-B99D-E2C1773AD8B4}.Release|x64.ActiveCfg = Release|Any CPU
		{636A25C2-A452-4902-B99D-E2C1773AD8B4}.Release|x64.Build.0 = Release|Any CPU
		{636A25C2-A452-4902-B99D-E2C1773AD8B4}.Release|x86.ActiveCfg = Release|Any CPU
		{636A25C2-A452-4902-B99D-E2C1773AD8B4}.Release|x86.Build.0 = Release|Any CPU
		{A68D4235-5A5E-484D-8D73-5FD114A1F154}.Debug|Any CPU.ActiveCfg = Debug|Any CPU
		{A68D4235-5A5E-484D-8D73-5FD114A1F154}.Debug|Any CPU.Build.0 = Debug|Any CPU
		{A68D4235-5A5E-484D-8D73-5FD114A1F154}.Debug|x64.ActiveCfg = Debug|Any CPU
		{A68D4235-5A5E-484D-8D73-5FD114A1F154}.Debug|x64.Build.0 = Debug|Any CPU
		{A68D4235-5A5E-484D-8D73-5FD114A1F154}.Debug|x86.ActiveCfg = Debug|Any CPU
		{A68D4235-5A5E-484D-8D73-5FD114A1F154}.Debug|x86.Build.0 = Debug|Any CPU
		{A68D4235-5A5E-484D-8D73-5FD114A1F154}.Release|Any CPU.ActiveCfg = Release|Any CPU
		{A68D4235-5A5E-484D-8D73-5FD114A1F154}.Release|Any CPU.Build.0 = Release|Any CPU
		{A68D4235-5A5E-484D-8D73-5FD114A1F154}.Release|x64.ActiveCfg = Release|Any CPU
		{A68D4235-5A5E-484D-8D73-5FD114A1F154}.Release|x64.Build.0 = Release|Any CPU
		{A68D4235-5A5E-484D-8D73-5FD114A1F154}.Release|x86.ActiveCfg = Release|Any CPU
		{A68D4235-5A5E-484D-8D73-5FD114A1F154}.Release|x86.Build.0 = Release|Any CPU
		{87DA18E2-439D-4CC3-AD39-D0D9830F1306}.Debug|Any CPU.ActiveCfg = Debug|Any CPU
		{87DA18E2-439D-4CC3-AD39-D0D9830F1306}.Debug|Any CPU.Build.0 = Debug|Any CPU
		{87DA18E2-439D-4CC3-AD39-D0D9830F1306}.Debug|x64.ActiveCfg = Debug|Any CPU
		{87DA18E2-439D-4CC3-AD39-D0D9830F1306}.Debug|x64.Build.0 = Debug|Any CPU
		{87DA18E2-439D-4CC3-AD39-D0D9830F1306}.Debug|x86.ActiveCfg = Debug|Any CPU
		{87DA18E2-439D-4CC3-AD39-D0D9830F1306}.Debug|x86.Build.0 = Debug|Any CPU
		{87DA18E2-439D-4CC3-AD39-D0D9830F1306}.Release|Any CPU.ActiveCfg = Release|Any CPU
		{87DA18E2-439D-4CC3-AD39-D0D9830F1306}.Release|Any CPU.Build.0 = Release|Any CPU
		{87DA18E2-439D-4CC3-AD39-D0D9830F1306}.Release|x64.ActiveCfg = Release|Any CPU
		{87DA18E2-439D-4CC3-AD39-D0D9830F1306}.Release|x64.Build.0 = Release|Any CPU
		{87DA18E2-439D-4CC3-AD39-D0D9830F1306}.Release|x86.ActiveCfg = Release|Any CPU
		{87DA18E2-439D-4CC3-AD39-D0D9830F1306}.Release|x86.Build.0 = Release|Any CPU
		{1682585B-4B2F-4ECB-BAB0-878E9938F13E}.Debug|Any CPU.ActiveCfg = Debug|Any CPU
		{1682585B-4B2F-4ECB-BAB0-878E9938F13E}.Debug|Any CPU.Build.0 = Debug|Any CPU
		{1682585B-4B2F-4ECB-BAB0-878E9938F13E}.Debug|x64.ActiveCfg = Debug|Any CPU
		{1682585B-4B2F-4ECB-BAB0-878E9938F13E}.Debug|x64.Build.0 = Debug|Any CPU
		{1682585B-4B2F-4ECB-BAB0-878E9938F13E}.Debug|x86.ActiveCfg = Debug|Any CPU
		{1682585B-4B2F-4ECB-BAB0-878E9938F13E}.Debug|x86.Build.0 = Debug|Any CPU
		{1682585B-4B2F-4ECB-BAB0-878E9938F13E}.Release|Any CPU.ActiveCfg = Release|Any CPU
		{1682585B-4B2F-4ECB-BAB0-878E9938F13E}.Release|Any CPU.Build.0 = Release|Any CPU
		{1682585B-4B2F-4ECB-BAB0-878E9938F13E}.Release|x64.ActiveCfg = Release|Any CPU
		{1682585B-4B2F-4ECB-BAB0-878E9938F13E}.Release|x64.Build.0 = Release|Any CPU
		{1682585B-4B2F-4ECB-BAB0-878E9938F13E}.Release|x86.ActiveCfg = Release|Any CPU
		{1682585B-4B2F-4ECB-BAB0-878E9938F13E}.Release|x86.Build.0 = Release|Any CPU
	EndGlobalSection
	GlobalSection(SolutionProperties) = preSolution
		HideSolutionNode = FALSE
	EndGlobalSection
	GlobalSection(ExtensibilityGlobals) = postSolution
		SolutionGuid = {5106EDE6-024D-4B46-A1A1-059161C5FA87}
	EndGlobalSection
	GlobalSection(NestedProjects) = preSolution
		{636A25C2-A452-4902-B99D-E2C1773AD8B4} = {A7F4FDEF-B5DD-4737-9ECB-06CD3B3C55AA}
		{A68D4235-5A5E-484D-8D73-5FD114A1F154} = {F1CB69D0-B7E4-4F4B-B3A5-99C90BEDB456}
		{87DA18E2-439D-4CC3-AD39-D0D9830F1306} = {F1CB69D0-B7E4-4F4B-B3A5-99C90BEDB456}
		{1682585B-4B2F-4ECB-BAB0-878E9938F13E} = {F1CB69D0-B7E4-4F4B-B3A5-99C90BEDB456}
	EndGlobalSection
EndGlobal
