
Microsoft Visual Studio Solution File, Format Version 12.00
# Visual Studio 15
VisualStudioVersion = 15.0.26124.0
MinimumVisualStudioVersion = 15.0.26124.0
Project("{FAE04EC0-301F-11D3-BF4B-00C04F79EFBC}") = "AlgorithmLibrary", "AlgorithmLibrary\AlgorithmLibrary.csproj", "{9278D27A-8C5D-4EDB-AA47-C0A928A55765}"
EndProject
Project("{FAE04EC0-301F-11D3-BF4B-00C04F79EFBC}") = "problem-580A", "problem-580A\problem-580A.csproj", "{818704E8-3588-475D-BFB4-B7608ED6DB5F}"
EndProject
Project("{FAE04EC0-301F-11D3-BF4B-00C04F79EFBC}") = "AlgorithmTest", "AlgorithmTest\AlgorithmTest.csproj", "{173C9C7A-1335-4884-9E51-67D16341AE02}"
EndProject
Project("{FAE04EC0-301F-11D3-BF4B-00C04F79EFBC}") = "problem-131A", "problem-131A\problem-131A.csproj", "{22CF9E15-2DD1-417B-AA02-BD5DE8E5FF23}"
EndProject
Project("{FAE04EC0-301F-11D3-BF4B-00C04F79EFBC}") = "problem-228A", "problem-228A\problem-228A.csproj", "{1F5B4D09-11BF-44B8-AFC6-567247E18DC3}"
EndProject
Project("{FAE04EC0-301F-11D3-BF4B-00C04F79EFBC}") = "problem-405A", "problem-405A\problem-405A.csproj", "{6230BC8D-6308-4581-AB60-39AD43B423F5}"
EndProject
Project("{FAE04EC0-301F-11D3-BF4B-00C04F79EFBC}") = "problem-469A", "problem-469A\problem-469A.csproj", "{4828EA03-D530-4128-930E-E56A0CC852FB}"
EndProject
Project("{FAE04EC0-301F-11D3-BF4B-00C04F79EFBC}") = "problem-148A-InsomniaCure", "problem-148A-InsomniaCure\problem-148A-InsomniaCure.csproj", "{58DDE990-657C-4C8B-B5AB-624BFB471D12}"
EndProject
Project("{FAE04EC0-301F-11D3-BF4B-00C04F79EFBC}") = "problem-208A", "problem-208A\problem-208A.csproj", "{0AA7C13B-E4C5-4CE5-B23A-B1FC611EA396}"
EndProject
Project("{FAE04EC0-301F-11D3-BF4B-00C04F79EFBC}") = "problem-1328", "problem-1328\problem-1328.csproj", "{95260490-2AE4-497B-8F36-B525D30D5E3B}"
EndProject
Project("{FAE04EC0-301F-11D3-BF4B-00C04F79EFBC}") = "problem-1328A", "problem-1328A\problem-1328A.csproj", "{38EDCC0C-5DD0-4D6A-879C-22A10E3AEE19}"
EndProject
Project("{FAE04EC0-301F-11D3-BF4B-00C04F79EFBC}") = "problem-144A", "problem-144A\problem-144A.csproj", "{1D70965C-1F96-464A-902B-2D35D7D36E81}"
EndProject
Project("{FAE04EC0-301F-11D3-BF4B-00C04F79EFBC}") = "problem-337A", "problem-337A\problem-337A.csproj", "{B5CBBC48-6255-4175-99EC-304A58FCDE4A}"
EndProject
Global
	GlobalSection(SolutionConfigurationPlatforms) = preSolution
		Debug|Any CPU = Debug|Any CPU
		Debug|x64 = Debug|x64
		Debug|x86 = Debug|x86
		Release|Any CPU = Release|Any CPU
		Release|x64 = Release|x64
		Release|x86 = Release|x86
	EndGlobalSection
	GlobalSection(SolutionProperties) = preSolution
		HideSolutionNode = FALSE
	EndGlobalSection
	GlobalSection(ProjectConfigurationPlatforms) = postSolution
		{9278D27A-8C5D-4EDB-AA47-C0A928A55765}.Debug|Any CPU.ActiveCfg = Debug|Any CPU
		{9278D27A-8C5D-4EDB-AA47-C0A928A55765}.Debug|Any CPU.Build.0 = Debug|Any CPU
		{9278D27A-8C5D-4EDB-AA47-C0A928A55765}.Debug|x64.ActiveCfg = Debug|Any CPU
		{9278D27A-8C5D-4EDB-AA47-C0A928A55765}.Debug|x64.Build.0 = Debug|Any CPU
		{9278D27A-8C5D-4EDB-AA47-C0A928A55765}.Debug|x86.ActiveCfg = Debug|Any CPU
		{9278D27A-8C5D-4EDB-AA47-C0A928A55765}.Debug|x86.Build.0 = Debug|Any CPU
		{9278D27A-8C5D-4EDB-AA47-C0A928A55765}.Release|Any CPU.ActiveCfg = Release|Any CPU
		{9278D27A-8C5D-4EDB-AA47-C0A928A55765}.Release|Any CPU.Build.0 = Release|Any CPU
		{9278D27A-8C5D-4EDB-AA47-C0A928A55765}.Release|x64.ActiveCfg = Release|Any CPU
		{9278D27A-8C5D-4EDB-AA47-C0A928A55765}.Release|x64.Build.0 = Release|Any CPU
		{9278D27A-8C5D-4EDB-AA47-C0A928A55765}.Release|x86.ActiveCfg = Release|Any CPU
		{9278D27A-8C5D-4EDB-AA47-C0A928A55765}.Release|x86.Build.0 = Release|Any CPU
		{818704E8-3588-475D-BFB4-B7608ED6DB5F}.Debug|Any CPU.ActiveCfg = Debug|Any CPU
		{818704E8-3588-475D-BFB4-B7608ED6DB5F}.Debug|Any CPU.Build.0 = Debug|Any CPU
		{818704E8-3588-475D-BFB4-B7608ED6DB5F}.Debug|x64.ActiveCfg = Debug|Any CPU
		{818704E8-3588-475D-BFB4-B7608ED6DB5F}.Debug|x64.Build.0 = Debug|Any CPU
		{818704E8-3588-475D-BFB4-B7608ED6DB5F}.Debug|x86.ActiveCfg = Debug|Any CPU
		{818704E8-3588-475D-BFB4-B7608ED6DB5F}.Debug|x86.Build.0 = Debug|Any CPU
		{818704E8-3588-475D-BFB4-B7608ED6DB5F}.Release|Any CPU.ActiveCfg = Release|Any CPU
		{818704E8-3588-475D-BFB4-B7608ED6DB5F}.Release|Any CPU.Build.0 = Release|Any CPU
		{818704E8-3588-475D-BFB4-B7608ED6DB5F}.Release|x64.ActiveCfg = Release|Any CPU
		{818704E8-3588-475D-BFB4-B7608ED6DB5F}.Release|x64.Build.0 = Release|Any CPU
		{818704E8-3588-475D-BFB4-B7608ED6DB5F}.Release|x86.ActiveCfg = Release|Any CPU
		{818704E8-3588-475D-BFB4-B7608ED6DB5F}.Release|x86.Build.0 = Release|Any CPU
		{173C9C7A-1335-4884-9E51-67D16341AE02}.Debug|Any CPU.ActiveCfg = Debug|Any CPU
		{173C9C7A-1335-4884-9E51-67D16341AE02}.Debug|Any CPU.Build.0 = Debug|Any CPU
		{173C9C7A-1335-4884-9E51-67D16341AE02}.Debug|x64.ActiveCfg = Debug|Any CPU
		{173C9C7A-1335-4884-9E51-67D16341AE02}.Debug|x64.Build.0 = Debug|Any CPU
		{173C9C7A-1335-4884-9E51-67D16341AE02}.Debug|x86.ActiveCfg = Debug|Any CPU
		{173C9C7A-1335-4884-9E51-67D16341AE02}.Debug|x86.Build.0 = Debug|Any CPU
		{173C9C7A-1335-4884-9E51-67D16341AE02}.Release|Any CPU.ActiveCfg = Release|Any CPU
		{173C9C7A-1335-4884-9E51-67D16341AE02}.Release|Any CPU.Build.0 = Release|Any CPU
		{173C9C7A-1335-4884-9E51-67D16341AE02}.Release|x64.ActiveCfg = Release|Any CPU
		{173C9C7A-1335-4884-9E51-67D16341AE02}.Release|x64.Build.0 = Release|Any CPU
		{173C9C7A-1335-4884-9E51-67D16341AE02}.Release|x86.ActiveCfg = Release|Any CPU
		{173C9C7A-1335-4884-9E51-67D16341AE02}.Release|x86.Build.0 = Release|Any CPU
		{22CF9E15-2DD1-417B-AA02-BD5DE8E5FF23}.Debug|Any CPU.ActiveCfg = Debug|Any CPU
		{22CF9E15-2DD1-417B-AA02-BD5DE8E5FF23}.Debug|Any CPU.Build.0 = Debug|Any CPU
		{22CF9E15-2DD1-417B-AA02-BD5DE8E5FF23}.Debug|x64.ActiveCfg = Debug|Any CPU
		{22CF9E15-2DD1-417B-AA02-BD5DE8E5FF23}.Debug|x64.Build.0 = Debug|Any CPU
		{22CF9E15-2DD1-417B-AA02-BD5DE8E5FF23}.Debug|x86.ActiveCfg = Debug|Any CPU
		{22CF9E15-2DD1-417B-AA02-BD5DE8E5FF23}.Debug|x86.Build.0 = Debug|Any CPU
		{22CF9E15-2DD1-417B-AA02-BD5DE8E5FF23}.Release|Any CPU.ActiveCfg = Release|Any CPU
		{22CF9E15-2DD1-417B-AA02-BD5DE8E5FF23}.Release|Any CPU.Build.0 = Release|Any CPU
		{22CF9E15-2DD1-417B-AA02-BD5DE8E5FF23}.Release|x64.ActiveCfg = Release|Any CPU
		{22CF9E15-2DD1-417B-AA02-BD5DE8E5FF23}.Release|x64.Build.0 = Release|Any CPU
		{22CF9E15-2DD1-417B-AA02-BD5DE8E5FF23}.Release|x86.ActiveCfg = Release|Any CPU
		{22CF9E15-2DD1-417B-AA02-BD5DE8E5FF23}.Release|x86.Build.0 = Release|Any CPU
		{1F5B4D09-11BF-44B8-AFC6-567247E18DC3}.Debug|Any CPU.ActiveCfg = Debug|Any CPU
		{1F5B4D09-11BF-44B8-AFC6-567247E18DC3}.Debug|Any CPU.Build.0 = Debug|Any CPU
		{1F5B4D09-11BF-44B8-AFC6-567247E18DC3}.Debug|x64.ActiveCfg = Debug|Any CPU
		{1F5B4D09-11BF-44B8-AFC6-567247E18DC3}.Debug|x64.Build.0 = Debug|Any CPU
		{1F5B4D09-11BF-44B8-AFC6-567247E18DC3}.Debug|x86.ActiveCfg = Debug|Any CPU
		{1F5B4D09-11BF-44B8-AFC6-567247E18DC3}.Debug|x86.Build.0 = Debug|Any CPU
		{1F5B4D09-11BF-44B8-AFC6-567247E18DC3}.Release|Any CPU.ActiveCfg = Release|Any CPU
		{1F5B4D09-11BF-44B8-AFC6-567247E18DC3}.Release|Any CPU.Build.0 = Release|Any CPU
		{1F5B4D09-11BF-44B8-AFC6-567247E18DC3}.Release|x64.ActiveCfg = Release|Any CPU
		{1F5B4D09-11BF-44B8-AFC6-567247E18DC3}.Release|x64.Build.0 = Release|Any CPU
		{1F5B4D09-11BF-44B8-AFC6-567247E18DC3}.Release|x86.ActiveCfg = Release|Any CPU
		{1F5B4D09-11BF-44B8-AFC6-567247E18DC3}.Release|x86.Build.0 = Release|Any CPU
		{6230BC8D-6308-4581-AB60-39AD43B423F5}.Debug|Any CPU.ActiveCfg = Debug|Any CPU
		{6230BC8D-6308-4581-AB60-39AD43B423F5}.Debug|Any CPU.Build.0 = Debug|Any CPU
		{6230BC8D-6308-4581-AB60-39AD43B423F5}.Debug|x64.ActiveCfg = Debug|Any CPU
		{6230BC8D-6308-4581-AB60-39AD43B423F5}.Debug|x64.Build.0 = Debug|Any CPU
		{6230BC8D-6308-4581-AB60-39AD43B423F5}.Debug|x86.ActiveCfg = Debug|Any CPU
		{6230BC8D-6308-4581-AB60-39AD43B423F5}.Debug|x86.Build.0 = Debug|Any CPU
		{6230BC8D-6308-4581-AB60-39AD43B423F5}.Release|Any CPU.ActiveCfg = Release|Any CPU
		{6230BC8D-6308-4581-AB60-39AD43B423F5}.Release|Any CPU.Build.0 = Release|Any CPU
		{6230BC8D-6308-4581-AB60-39AD43B423F5}.Release|x64.ActiveCfg = Release|Any CPU
		{6230BC8D-6308-4581-AB60-39AD43B423F5}.Release|x64.Build.0 = Release|Any CPU
		{6230BC8D-6308-4581-AB60-39AD43B423F5}.Release|x86.ActiveCfg = Release|Any CPU
		{6230BC8D-6308-4581-AB60-39AD43B423F5}.Release|x86.Build.0 = Release|Any CPU
		{4828EA03-D530-4128-930E-E56A0CC852FB}.Debug|Any CPU.ActiveCfg = Debug|Any CPU
		{4828EA03-D530-4128-930E-E56A0CC852FB}.Debug|Any CPU.Build.0 = Debug|Any CPU
		{4828EA03-D530-4128-930E-E56A0CC852FB}.Debug|x64.ActiveCfg = Debug|Any CPU
		{4828EA03-D530-4128-930E-E56A0CC852FB}.Debug|x64.Build.0 = Debug|Any CPU
		{4828EA03-D530-4128-930E-E56A0CC852FB}.Debug|x86.ActiveCfg = Debug|Any CPU
		{4828EA03-D530-4128-930E-E56A0CC852FB}.Debug|x86.Build.0 = Debug|Any CPU
		{4828EA03-D530-4128-930E-E56A0CC852FB}.Release|Any CPU.ActiveCfg = Release|Any CPU
		{4828EA03-D530-4128-930E-E56A0CC852FB}.Release|Any CPU.Build.0 = Release|Any CPU
		{4828EA03-D530-4128-930E-E56A0CC852FB}.Release|x64.ActiveCfg = Release|Any CPU
		{4828EA03-D530-4128-930E-E56A0CC852FB}.Release|x64.Build.0 = Release|Any CPU
		{4828EA03-D530-4128-930E-E56A0CC852FB}.Release|x86.ActiveCfg = Release|Any CPU
		{4828EA03-D530-4128-930E-E56A0CC852FB}.Release|x86.Build.0 = Release|Any CPU
		{58DDE990-657C-4C8B-B5AB-624BFB471D12}.Debug|Any CPU.ActiveCfg = Debug|Any CPU
		{58DDE990-657C-4C8B-B5AB-624BFB471D12}.Debug|Any CPU.Build.0 = Debug|Any CPU
		{58DDE990-657C-4C8B-B5AB-624BFB471D12}.Debug|x64.ActiveCfg = Debug|Any CPU
		{58DDE990-657C-4C8B-B5AB-624BFB471D12}.Debug|x64.Build.0 = Debug|Any CPU
		{58DDE990-657C-4C8B-B5AB-624BFB471D12}.Debug|x86.ActiveCfg = Debug|Any CPU
		{58DDE990-657C-4C8B-B5AB-624BFB471D12}.Debug|x86.Build.0 = Debug|Any CPU
		{58DDE990-657C-4C8B-B5AB-624BFB471D12}.Release|Any CPU.ActiveCfg = Release|Any CPU
		{58DDE990-657C-4C8B-B5AB-624BFB471D12}.Release|Any CPU.Build.0 = Release|Any CPU
		{58DDE990-657C-4C8B-B5AB-624BFB471D12}.Release|x64.ActiveCfg = Release|Any CPU
		{58DDE990-657C-4C8B-B5AB-624BFB471D12}.Release|x64.Build.0 = Release|Any CPU
		{58DDE990-657C-4C8B-B5AB-624BFB471D12}.Release|x86.ActiveCfg = Release|Any CPU
		{58DDE990-657C-4C8B-B5AB-624BFB471D12}.Release|x86.Build.0 = Release|Any CPU
		{0AA7C13B-E4C5-4CE5-B23A-B1FC611EA396}.Debug|Any CPU.ActiveCfg = Debug|Any CPU
		{0AA7C13B-E4C5-4CE5-B23A-B1FC611EA396}.Debug|Any CPU.Build.0 = Debug|Any CPU
		{0AA7C13B-E4C5-4CE5-B23A-B1FC611EA396}.Debug|x64.ActiveCfg = Debug|Any CPU
		{0AA7C13B-E4C5-4CE5-B23A-B1FC611EA396}.Debug|x64.Build.0 = Debug|Any CPU
		{0AA7C13B-E4C5-4CE5-B23A-B1FC611EA396}.Debug|x86.ActiveCfg = Debug|Any CPU
		{0AA7C13B-E4C5-4CE5-B23A-B1FC611EA396}.Debug|x86.Build.0 = Debug|Any CPU
		{0AA7C13B-E4C5-4CE5-B23A-B1FC611EA396}.Release|Any CPU.ActiveCfg = Release|Any CPU
		{0AA7C13B-E4C5-4CE5-B23A-B1FC611EA396}.Release|Any CPU.Build.0 = Release|Any CPU
		{0AA7C13B-E4C5-4CE5-B23A-B1FC611EA396}.Release|x64.ActiveCfg = Release|Any CPU
		{0AA7C13B-E4C5-4CE5-B23A-B1FC611EA396}.Release|x64.Build.0 = Release|Any CPU
		{0AA7C13B-E4C5-4CE5-B23A-B1FC611EA396}.Release|x86.ActiveCfg = Release|Any CPU
		{0AA7C13B-E4C5-4CE5-B23A-B1FC611EA396}.Release|x86.Build.0 = Release|Any CPU
		{95260490-2AE4-497B-8F36-B525D30D5E3B}.Debug|Any CPU.ActiveCfg = Debug|Any CPU
		{95260490-2AE4-497B-8F36-B525D30D5E3B}.Debug|Any CPU.Build.0 = Debug|Any CPU
		{95260490-2AE4-497B-8F36-B525D30D5E3B}.Debug|x64.ActiveCfg = Debug|Any CPU
		{95260490-2AE4-497B-8F36-B525D30D5E3B}.Debug|x64.Build.0 = Debug|Any CPU
		{95260490-2AE4-497B-8F36-B525D30D5E3B}.Debug|x86.ActiveCfg = Debug|Any CPU
		{95260490-2AE4-497B-8F36-B525D30D5E3B}.Debug|x86.Build.0 = Debug|Any CPU
		{95260490-2AE4-497B-8F36-B525D30D5E3B}.Release|Any CPU.ActiveCfg = Release|Any CPU
		{95260490-2AE4-497B-8F36-B525D30D5E3B}.Release|Any CPU.Build.0 = Release|Any CPU
		{95260490-2AE4-497B-8F36-B525D30D5E3B}.Release|x64.ActiveCfg = Release|Any CPU
		{95260490-2AE4-497B-8F36-B525D30D5E3B}.Release|x64.Build.0 = Release|Any CPU
		{95260490-2AE4-497B-8F36-B525D30D5E3B}.Release|x86.ActiveCfg = Release|Any CPU
		{95260490-2AE4-497B-8F36-B525D30D5E3B}.Release|x86.Build.0 = Release|Any CPU
		{38EDCC0C-5DD0-4D6A-879C-22A10E3AEE19}.Debug|Any CPU.ActiveCfg = Debug|Any CPU
		{38EDCC0C-5DD0-4D6A-879C-22A10E3AEE19}.Debug|Any CPU.Build.0 = Debug|Any CPU
		{38EDCC0C-5DD0-4D6A-879C-22A10E3AEE19}.Debug|x64.ActiveCfg = Debug|Any CPU
		{38EDCC0C-5DD0-4D6A-879C-22A10E3AEE19}.Debug|x64.Build.0 = Debug|Any CPU
		{38EDCC0C-5DD0-4D6A-879C-22A10E3AEE19}.Debug|x86.ActiveCfg = Debug|Any CPU
		{38EDCC0C-5DD0-4D6A-879C-22A10E3AEE19}.Debug|x86.Build.0 = Debug|Any CPU
		{38EDCC0C-5DD0-4D6A-879C-22A10E3AEE19}.Release|Any CPU.ActiveCfg = Release|Any CPU
		{38EDCC0C-5DD0-4D6A-879C-22A10E3AEE19}.Release|Any CPU.Build.0 = Release|Any CPU
		{38EDCC0C-5DD0-4D6A-879C-22A10E3AEE19}.Release|x64.ActiveCfg = Release|Any CPU
		{38EDCC0C-5DD0-4D6A-879C-22A10E3AEE19}.Release|x64.Build.0 = Release|Any CPU
		{38EDCC0C-5DD0-4D6A-879C-22A10E3AEE19}.Release|x86.ActiveCfg = Release|Any CPU
		{38EDCC0C-5DD0-4D6A-879C-22A10E3AEE19}.Release|x86.Build.0 = Release|Any CPU
		{1D70965C-1F96-464A-902B-2D35D7D36E81}.Debug|Any CPU.ActiveCfg = Debug|Any CPU
		{1D70965C-1F96-464A-902B-2D35D7D36E81}.Debug|Any CPU.Build.0 = Debug|Any CPU
		{1D70965C-1F96-464A-902B-2D35D7D36E81}.Debug|x64.ActiveCfg = Debug|Any CPU
		{1D70965C-1F96-464A-902B-2D35D7D36E81}.Debug|x64.Build.0 = Debug|Any CPU
		{1D70965C-1F96-464A-902B-2D35D7D36E81}.Debug|x86.ActiveCfg = Debug|Any CPU
		{1D70965C-1F96-464A-902B-2D35D7D36E81}.Debug|x86.Build.0 = Debug|Any CPU
		{1D70965C-1F96-464A-902B-2D35D7D36E81}.Release|Any CPU.ActiveCfg = Release|Any CPU
		{1D70965C-1F96-464A-902B-2D35D7D36E81}.Release|Any CPU.Build.0 = Release|Any CPU
		{1D70965C-1F96-464A-902B-2D35D7D36E81}.Release|x64.ActiveCfg = Release|Any CPU
		{1D70965C-1F96-464A-902B-2D35D7D36E81}.Release|x64.Build.0 = Release|Any CPU
		{1D70965C-1F96-464A-902B-2D35D7D36E81}.Release|x86.ActiveCfg = Release|Any CPU
		{1D70965C-1F96-464A-902B-2D35D7D36E81}.Release|x86.Build.0 = Release|Any CPU
		{B5CBBC48-6255-4175-99EC-304A58FCDE4A}.Debug|Any CPU.ActiveCfg = Debug|Any CPU
		{B5CBBC48-6255-4175-99EC-304A58FCDE4A}.Debug|Any CPU.Build.0 = Debug|Any CPU
		{B5CBBC48-6255-4175-99EC-304A58FCDE4A}.Debug|x64.ActiveCfg = Debug|Any CPU
		{B5CBBC48-6255-4175-99EC-304A58FCDE4A}.Debug|x64.Build.0 = Debug|Any CPU
		{B5CBBC48-6255-4175-99EC-304A58FCDE4A}.Debug|x86.ActiveCfg = Debug|Any CPU
		{B5CBBC48-6255-4175-99EC-304A58FCDE4A}.Debug|x86.Build.0 = Debug|Any CPU
		{B5CBBC48-6255-4175-99EC-304A58FCDE4A}.Release|Any CPU.ActiveCfg = Release|Any CPU
		{B5CBBC48-6255-4175-99EC-304A58FCDE4A}.Release|Any CPU.Build.0 = Release|Any CPU
		{B5CBBC48-6255-4175-99EC-304A58FCDE4A}.Release|x64.ActiveCfg = Release|Any CPU
		{B5CBBC48-6255-4175-99EC-304A58FCDE4A}.Release|x64.Build.0 = Release|Any CPU
		{B5CBBC48-6255-4175-99EC-304A58FCDE4A}.Release|x86.ActiveCfg = Release|Any CPU
		{B5CBBC48-6255-4175-99EC-304A58FCDE4A}.Release|x86.Build.0 = Release|Any CPU
	EndGlobalSection
EndGlobal
